// !$*UTF8*$!
{
	archiveVersion = 1;
	classes = {
	};
	objectVersion = 46;
	objects = {

/* Begin PBXBuildFile section */
		3CDA1C5418C199BD00AA00C7 /* Foundation.framework in Frameworks */ = {isa = PBXBuildFile; fileRef = 3CDA1C5318C199BD00AA00C7 /* Foundation.framework */; };
		3CDA1C9618C19A4500AA00C7 /* libsqlite3.dylib in Frameworks */ = {isa = PBXBuildFile; fileRef = 3CDA1C9518C19A4500AA00C7 /* libsqlite3.dylib */; };
		3CDA1C9818C19A4A00AA00C7 /* libz.dylib in Frameworks */ = {isa = PBXBuildFile; fileRef = 3CDA1C9718C19A4A00AA00C7 /* libz.dylib */; };
		3CDA1C9A18C19A4F00AA00C7 /* SystemConfiguration.framework in Frameworks */ = {isa = PBXBuildFile; fileRef = 3CDA1C9918C19A4F00AA00C7 /* SystemConfiguration.framework */; };
		3CDA1C9C18C19A5400AA00C7 /* MobileCoreServices.framework in Frameworks */ = {isa = PBXBuildFile; fileRef = 3CDA1C9B18C19A5400AA00C7 /* MobileCoreServices.framework */; };
		3CDA1C9E18C19A5900AA00C7 /* CoreTelephony.framework in Frameworks */ = {isa = PBXBuildFile; fileRef = 3CDA1C9D18C19A5900AA00C7 /* CoreTelephony.framework */; };
		3CDA1CA018C19A5F00AA00C7 /* MapKit.framework in Frameworks */ = {isa = PBXBuildFile; fileRef = 3CDA1C9F18C19A5F00AA00C7 /* MapKit.framework */; };
		3CDA1CA218C19A6300AA00C7 /* AudioToolbox.framework in Frameworks */ = {isa = PBXBuildFile; fileRef = 3CDA1CA118C19A6300AA00C7 /* AudioToolbox.framework */; };
		3CDA1CBB18C19A8700AA00C7 /* EUExUploaderMgr.m in Sources */ = {isa = PBXBuildFile; fileRef = 3CDA1CA918C19A8700AA00C7 /* EUExUploaderMgr.m */; };
		3CDA1CBC18C19A8700AA00C7 /* EUExFormFile.m in Sources */ = {isa = PBXBuildFile; fileRef = 3CDA1CBA18C19A8700AA00C7 /* EUExFormFile.m */; };
		76DE24331B9D87FE00519399 /* libAppCanEngine_IOS.a in Frameworks */ = {isa = PBXBuildFile; fileRef = 76DE24321B9D87FE00519399 /* libAppCanEngine_IOS.a */; };
/* End PBXBuildFile section */

/* Begin PBXCopyFilesBuildPhase section */
		3CDA1C4E18C199BD00AA00C7 /* CopyFiles */ = {
			isa = PBXCopyFilesBuildPhase;
			buildActionMask = 2147483647;
			dstPath = "include/$(PRODUCT_NAME)";
			dstSubfolderSpec = 16;
			files = (
			);
			runOnlyForDeploymentPostprocessing = 0;
		};
/* End PBXCopyFilesBuildPhase section */

/* Begin PBXFileReference section */
		3CDA1C5018C199BD00AA00C7 /* uexUploaderMgr.dylib */ = {isa = PBXFileReference; explicitFileType = "compiled.mach-o.dylib"; includeInIndex = 0; path = uexUploaderMgr.dylib; sourceTree = BUILT_PRODUCTS_DIR; };
		3CDA1C5318C199BD00AA00C7 /* Foundation.framework */ = {isa = PBXFileReference; lastKnownFileType = wrapper.framework; name = Foundation.framework; path = System/Library/Frameworks/Foundation.framework; sourceTree = SDKROOT; };
		3CDA1C9518C19A4500AA00C7 /* libsqlite3.dylib */ = {isa = PBXFileReference; lastKnownFileType = "compiled.mach-o.dylib"; name = libsqlite3.dylib; path = usr/lib/libsqlite3.dylib; sourceTree = SDKROOT; };
		3CDA1C9718C19A4A00AA00C7 /* libz.dylib */ = {isa = PBXFileReference; lastKnownFileType = "compiled.mach-o.dylib"; name = libz.dylib; path = usr/lib/libz.dylib; sourceTree = SDKROOT; };
		3CDA1C9918C19A4F00AA00C7 /* SystemConfiguration.framework */ = {isa = PBXFileReference; lastKnownFileType = wrapper.framework; name = SystemConfiguration.framework; path = System/Library/Frameworks/SystemConfiguration.framework; sourceTree = SDKROOT; };
		3CDA1C9B18C19A5400AA00C7 /* MobileCoreServices.framework */ = {isa = PBXFileReference; lastKnownFileType = wrapper.framework; name = MobileCoreServices.framework; path = System/Library/Frameworks/MobileCoreServices.framework; sourceTree = SDKROOT; };
		3CDA1C9D18C19A5900AA00C7 /* CoreTelephony.framework */ = {isa = PBXFileReference; lastKnownFileType = wrapper.framework; name = CoreTelephony.framework; path = System/Library/Frameworks/CoreTelephony.framework; sourceTree = SDKROOT; };
		3CDA1C9F18C19A5F00AA00C7 /* MapKit.framework */ = {isa = PBXFileReference; lastKnownFileType = wrapper.framework; name = MapKit.framework; path = System/Library/Frameworks/MapKit.framework; sourceTree = SDKROOT; };
		3CDA1CA118C19A6300AA00C7 /* AudioToolbox.framework */ = {isa = PBXFileReference; lastKnownFileType = wrapper.framework; name = AudioToolbox.framework; path = System/Library/Frameworks/AudioToolbox.framework; sourceTree = SDKROOT; };
		3CDA1CA418C19A8700AA00C7 /* EUExBase.h */ = {isa = PBXFileReference; fileEncoding = 4; lastKnownFileType = sourcecode.c.h; path = EUExBase.h; sourceTree = "<group>"; };
		3CDA1CA518C19A8700AA00C7 /* EUExBaseDefine.h */ = {isa = PBXFileReference; fileEncoding = 4; lastKnownFileType = sourcecode.c.h; path = EUExBaseDefine.h; sourceTree = "<group>"; };
		3CDA1CA618C19A8700AA00C7 /* EUtility.h */ = {isa = PBXFileReference; fileEncoding = 4; lastKnownFileType = sourcecode.c.h; path = EUtility.h; sourceTree = "<group>"; };
		3CDA1CA718C19A8700AA00C7 /* EUExUploaderMgr-Prefix.pch */ = {isa = PBXFileReference; fileEncoding = 4; lastKnownFileType = sourcecode.c.h; name = "EUExUploaderMgr-Prefix.pch"; path = "EUExUploaderMgr/EUExUploaderMgr-Prefix.pch"; sourceTree = SOURCE_ROOT; };
		3CDA1CA818C19A8700AA00C7 /* EUExUploaderMgr.h */ = {isa = PBXFileReference; fileEncoding = 4; lastKnownFileType = sourcecode.c.h; name = EUExUploaderMgr.h; path = EUExUploaderMgr/EUExUploaderMgr.h; sourceTree = SOURCE_ROOT; };
		3CDA1CA918C19A8700AA00C7 /* EUExUploaderMgr.m */ = {isa = PBXFileReference; fileEncoding = 4; lastKnownFileType = sourcecode.c.objc; name = EUExUploaderMgr.m; path = EUExUploaderMgr/EUExUploaderMgr.m; sourceTree = SOURCE_ROOT; };
		3CDA1CAC18C19A8700AA00C7 /* ASIAuthenticationDialog.h */ = {isa = PBXFileReference; fileEncoding = 4; lastKnownFileType = sourcecode.c.h; path = ASIAuthenticationDialog.h; sourceTree = "<group>"; };
		3CDA1CAD18C19A8700AA00C7 /* ASICacheDelegate.h */ = {isa = PBXFileReference; fileEncoding = 4; lastKnownFileType = sourcecode.c.h; path = ASICacheDelegate.h; sourceTree = "<group>"; };
		3CDA1CAE18C19A8700AA00C7 /* ASIDataCompressor.h */ = {isa = PBXFileReference; fileEncoding = 4; lastKnownFileType = sourcecode.c.h; path = ASIDataCompressor.h; sourceTree = "<group>"; };
		3CDA1CAF18C19A8700AA00C7 /* ASIDataDecompressor.h */ = {isa = PBXFileReference; fileEncoding = 4; lastKnownFileType = sourcecode.c.h; path = ASIDataDecompressor.h; sourceTree = "<group>"; };
		3CDA1CB018C19A8700AA00C7 /* ASIDownloadCache.h */ = {isa = PBXFileReference; fileEncoding = 4; lastKnownFileType = sourcecode.c.h; path = ASIDownloadCache.h; sourceTree = "<group>"; };
		3CDA1CB118C19A8700AA00C7 /* ASIFormDataRequest.h */ = {isa = PBXFileReference; fileEncoding = 4; lastKnownFileType = sourcecode.c.h; path = ASIFormDataRequest.h; sourceTree = "<group>"; };
		3CDA1CB218C19A8700AA00C7 /* ASIHTTPRequest.h */ = {isa = PBXFileReference; fileEncoding = 4; lastKnownFileType = sourcecode.c.h; path = ASIHTTPRequest.h; sourceTree = "<group>"; };
		3CDA1CB318C19A8700AA00C7 /* ASIHTTPRequestConfig.h */ = {isa = PBXFileReference; fileEncoding = 4; lastKnownFileType = sourcecode.c.h; path = ASIHTTPRequestConfig.h; sourceTree = "<group>"; };
		3CDA1CB418C19A8700AA00C7 /* ASIHTTPRequestDelegate.h */ = {isa = PBXFileReference; fileEncoding = 4; lastKnownFileType = sourcecode.c.h; path = ASIHTTPRequestDelegate.h; sourceTree = "<group>"; };
		3CDA1CB518C19A8700AA00C7 /* ASIInputStream.h */ = {isa = PBXFileReference; fileEncoding = 4; lastKnownFileType = sourcecode.c.h; path = ASIInputStream.h; sourceTree = "<group>"; };
		3CDA1CB618C19A8700AA00C7 /* ASINetworkQueue.h */ = {isa = PBXFileReference; fileEncoding = 4; lastKnownFileType = sourcecode.c.h; path = ASINetworkQueue.h; sourceTree = "<group>"; };
		3CDA1CB718C19A8700AA00C7 /* ASIProgressDelegate.h */ = {isa = PBXFileReference; fileEncoding = 4; lastKnownFileType = sourcecode.c.h; path = ASIProgressDelegate.h; sourceTree = "<group>"; };
		3CDA1CB818C19A8700AA00C7 /* Reachability.h */ = {isa = PBXFileReference; fileEncoding = 4; lastKnownFileType = sourcecode.c.h; path = Reachability.h; sourceTree = "<group>"; };
		3CDA1CB918C19A8700AA00C7 /* EUExFormFile.h */ = {isa = PBXFileReference; fileEncoding = 4; lastKnownFileType = sourcecode.c.h; path = EUExFormFile.h; sourceTree = "<group>"; };
		3CDA1CBA18C19A8700AA00C7 /* EUExFormFile.m */ = {isa = PBXFileReference; fileEncoding = 4; lastKnownFileType = sourcecode.c.objc; path = EUExFormFile.m; sourceTree = "<group>"; };
		76DE242C1B9D877800519399 /* WWidget.h */ = {isa = PBXFileReference; lastKnownFileType = sourcecode.c.h; path = WWidget.h; sourceTree = "<group>"; };
		76DE242D1B9D878E00519399 /* EBrowserView.h */ = {isa = PBXFileReference; lastKnownFileType = sourcecode.c.h; path = EBrowserView.h; sourceTree = "<group>"; };
		76DE242E1B9D879700519399 /* BUtility.h */ = {isa = PBXFileReference; lastKnownFileType = sourcecode.c.h; path = BUtility.h; sourceTree = "<group>"; };
		76DE242F1B9D87A400519399 /* WWidgetMgr.h */ = {isa = PBXFileReference; lastKnownFileType = sourcecode.c.h; path = WWidgetMgr.h; sourceTree = "<group>"; };
		76DE24301B9D87AD00519399 /* ACEBaseViewController.h */ = {isa = PBXFileReference; lastKnownFileType = sourcecode.c.h; path = ACEBaseViewController.h; sourceTree = "<group>"; };
		76DE24311B9D87B600519399 /* EBrowserController.h */ = {isa = PBXFileReference; lastKnownFileType = sourcecode.c.h; path = EBrowserController.h; sourceTree = "<group>"; };
		76DE24321B9D87FE00519399 /* libAppCanEngine_IOS.a */ = {isa = PBXFileReference; lastKnownFileType = archive.ar; path = libAppCanEngine_IOS.a; sourceTree = "<group>"; };
		DE201CFB1AAFEE0E001C46A5 /* JSON.h */ = {isa = PBXFileReference; fileEncoding = 4; lastKnownFileType = sourcecode.c.h; path = JSON.h; sourceTree = "<group>"; };
		DE201CFC1AAFEE0E001C46A5 /* NSObject+SBJSON.h */ = {isa = PBXFileReference; fileEncoding = 4; lastKnownFileType = sourcecode.c.h; path = "NSObject+SBJSON.h"; sourceTree = "<group>"; };
		DE201CFD1AAFEE0E001C46A5 /* NSString+SBJSON.h */ = {isa = PBXFileReference; fileEncoding = 4; lastKnownFileType = sourcecode.c.h; path = "NSString+SBJSON.h"; sourceTree = "<group>"; };
		DE201CFE1AAFEE0E001C46A5 /* SBJSON.h */ = {isa = PBXFileReference; fileEncoding = 4; lastKnownFileType = sourcecode.c.h; path = SBJSON.h; sourceTree = "<group>"; };
		DE201CFF1AAFEE0E001C46A5 /* SBJsonBase.h */ = {isa = PBXFileReference; fileEncoding = 4; lastKnownFileType = sourcecode.c.h; path = SBJsonBase.h; sourceTree = "<group>"; };
		DE201D001AAFEE0E001C46A5 /* SBJsonParser.h */ = {isa = PBXFileReference; fileEncoding = 4; lastKnownFileType = sourcecode.c.h; path = SBJsonParser.h; sourceTree = "<group>"; };
		DE201D011AAFEE0E001C46A5 /* SBJsonWriter.h */ = {isa = PBXFileReference; fileEncoding = 4; lastKnownFileType = sourcecode.c.h; path = SBJsonWriter.h; sourceTree = "<group>"; };
/* End PBXFileReference section */

/* Begin PBXFrameworksBuildPhase section */
		3CDA1C4D18C199BD00AA00C7 /* Frameworks */ = {
			isa = PBXFrameworksBuildPhase;
			buildActionMask = 2147483647;
			files = (
				3CDA1CA218C19A6300AA00C7 /* AudioToolbox.framework in Frameworks */,
				76DE24331B9D87FE00519399 /* libAppCanEngine_IOS.a in Frameworks */,
				3CDA1CA018C19A5F00AA00C7 /* MapKit.framework in Frameworks */,
				3CDA1C9E18C19A5900AA00C7 /* CoreTelephony.framework in Frameworks */,
				3CDA1C9C18C19A5400AA00C7 /* MobileCoreServices.framework in Frameworks */,
				3CDA1C9A18C19A4F00AA00C7 /* SystemConfiguration.framework in Frameworks */,
				3CDA1C9818C19A4A00AA00C7 /* libz.dylib in Frameworks */,
				3CDA1C9618C19A4500AA00C7 /* libsqlite3.dylib in Frameworks */,
				3CDA1C5418C199BD00AA00C7 /* Foundation.framework in Frameworks */,
			);
			runOnlyForDeploymentPostprocessing = 0;
		};
/* End PBXFrameworksBuildPhase section */

/* Begin PBXGroup section */
		3CDA1C4718C199BC00AA00C7 = {
			isa = PBXGroup;
			children = (
				76DE24321B9D87FE00519399 /* libAppCanEngine_IOS.a */,
				3CDA1C5518C199BD00AA00C7 /* uexUploaderMgr */,
				3CDA1C5218C199BD00AA00C7 /* Frameworks */,
				3CDA1C5118C199BD00AA00C7 /* Products */,
			);
			sourceTree = "<group>";
		};
		3CDA1C5118C199BD00AA00C7 /* Products */ = {
			isa = PBXGroup;
			children = (
				3CDA1C5018C199BD00AA00C7 /* uexUploaderMgr.dylib */,
			);
			name = Products;
			sourceTree = "<group>";
		};
		3CDA1C5218C199BD00AA00C7 /* Frameworks */ = {
			isa = PBXGroup;
			children = (
				3CDA1CA118C19A6300AA00C7 /* AudioToolbox.framework */,
				3CDA1C9F18C19A5F00AA00C7 /* MapKit.framework */,
				3CDA1C9D18C19A5900AA00C7 /* CoreTelephony.framework */,
				3CDA1C9B18C19A5400AA00C7 /* MobileCoreServices.framework */,
				3CDA1C9918C19A4F00AA00C7 /* SystemConfiguration.framework */,
				3CDA1C9718C19A4A00AA00C7 /* libz.dylib */,
				3CDA1C9518C19A4500AA00C7 /* libsqlite3.dylib */,
				3CDA1C5318C199BD00AA00C7 /* Foundation.framework */,
			);
			name = Frameworks;
			sourceTree = "<group>";
		};
		3CDA1C5518C199BD00AA00C7 /* uexUploaderMgr */ = {
			isa = PBXGroup;
			children = (
				3CDA1CA318C19A8700AA00C7 /* engineHeader */,
				3CDA1CA718C19A8700AA00C7 /* EUExUploaderMgr-Prefix.pch */,
				3CDA1CA818C19A8700AA00C7 /* EUExUploaderMgr.h */,
				3CDA1CA918C19A8700AA00C7 /* EUExUploaderMgr.m */,
				3CDA1CAA18C19A8700AA00C7 /* sourceCode */,
			);
			path = uexUploaderMgr;
			sourceTree = "<group>";
		};
		3CDA1CA318C19A8700AA00C7 /* engineHeader */ = {
			isa = PBXGroup;
			children = (
				76DE24311B9D87B600519399 /* EBrowserController.h */,
				76DE24301B9D87AD00519399 /* ACEBaseViewController.h */,
				76DE242F1B9D87A400519399 /* WWidgetMgr.h */,
				76DE242E1B9D879700519399 /* BUtility.h */,
				76DE242D1B9D878E00519399 /* EBrowserView.h */,
				76DE242C1B9D877800519399 /* WWidget.h */,
				3CDA1CA418C19A8700AA00C7 /* EUExBase.h */,
				3CDA1CA518C19A8700AA00C7 /* EUExBaseDefine.h */,
				3CDA1CA618C19A8700AA00C7 /* EUtility.h */,
			);
			name = engineHeader;
			path = EUExUploaderMgr/engineHeader;
			sourceTree = SOURCE_ROOT;
		};
		3CDA1CAA18C19A8700AA00C7 /* sourceCode */ = {
			isa = PBXGroup;
			children = (
				DE201CFA1AAFEE0E001C46A5 /* JSON */,
				3CDA1CAB18C19A8700AA00C7 /* ASIHttpRequest */,
				3CDA1CB918C19A8700AA00C7 /* EUExFormFile.h */,
				3CDA1CBA18C19A8700AA00C7 /* EUExFormFile.m */,
			);
			name = sourceCode;
			path = EUExUploaderMgr/sourceCode;
			sourceTree = SOURCE_ROOT;
		};
		3CDA1CAB18C19A8700AA00C7 /* ASIHttpRequest */ = {
			isa = PBXGroup;
			children = (
				3CDA1CAC18C19A8700AA00C7 /* ASIAuthenticationDialog.h */,
				3CDA1CAD18C19A8700AA00C7 /* ASICacheDelegate.h */,
				3CDA1CAE18C19A8700AA00C7 /* ASIDataCompressor.h */,
				3CDA1CAF18C19A8700AA00C7 /* ASIDataDecompressor.h */,
				3CDA1CB018C19A8700AA00C7 /* ASIDownloadCache.h */,
				3CDA1CB118C19A8700AA00C7 /* ASIFormDataRequest.h */,
				3CDA1CB218C19A8700AA00C7 /* ASIHTTPRequest.h */,
				3CDA1CB318C19A8700AA00C7 /* ASIHTTPRequestConfig.h */,
				3CDA1CB418C19A8700AA00C7 /* ASIHTTPRequestDelegate.h */,
				3CDA1CB518C19A8700AA00C7 /* ASIInputStream.h */,
				3CDA1CB618C19A8700AA00C7 /* ASINetworkQueue.h */,
				3CDA1CB718C19A8700AA00C7 /* ASIProgressDelegate.h */,
				3CDA1CB818C19A8700AA00C7 /* Reachability.h */,
			);
			path = ASIHttpRequest;
			sourceTree = "<group>";
		};
		DE201CFA1AAFEE0E001C46A5 /* JSON */ = {
			isa = PBXGroup;
			children = (
				DE201CFB1AAFEE0E001C46A5 /* JSON.h */,
				DE201CFC1AAFEE0E001C46A5 /* NSObject+SBJSON.h */,
				DE201CFD1AAFEE0E001C46A5 /* NSString+SBJSON.h */,
				DE201CFE1AAFEE0E001C46A5 /* SBJSON.h */,
				DE201CFF1AAFEE0E001C46A5 /* SBJsonBase.h */,
				DE201D001AAFEE0E001C46A5 /* SBJsonParser.h */,
				DE201D011AAFEE0E001C46A5 /* SBJsonWriter.h */,
			);
			path = JSON;
			sourceTree = "<group>";
		};
/* End PBXGroup section */

/* Begin PBXNativeTarget section */
		3CDA1C4F18C199BD00AA00C7 /* uexUploaderMgr */ = {
			isa = PBXNativeTarget;
			buildConfigurationList = 3CDA1C7318C199BD00AA00C7 /* Build configuration list for PBXNativeTarget "uexUploaderMgr" */;
			buildPhases = (
				3CDA1C4C18C199BD00AA00C7 /* Sources */,
				3CDA1C4D18C199BD00AA00C7 /* Frameworks */,
				3CDA1C4E18C199BD00AA00C7 /* CopyFiles */,
			);
			buildRules = (
			);
			dependencies = (
			);
			name = uexUploaderMgr;
			productName = uexUploaderMgr;
			productReference = 3CDA1C5018C199BD00AA00C7 /* uexUploaderMgr.dylib */;
			productType = "com.apple.product-type.library.dynamic";
		};
/* End PBXNativeTarget section */

/* Begin PBXProject section */
		3CDA1C4818C199BC00AA00C7 /* Project object */ = {
			isa = PBXProject;
			attributes = {
				LastUpgradeCheck = 0500;
				ORGANIZATIONNAME = demo;
			};
			buildConfigurationList = 3CDA1C4B18C199BC00AA00C7 /* Build configuration list for PBXProject "uexUploaderMgr" */;
			compatibilityVersion = "Xcode 3.2";
			developmentRegion = English;
			hasScannedForEncodings = 0;
			knownRegions = (
				en,
			);
			mainGroup = 3CDA1C4718C199BC00AA00C7;
			productRefGroup = 3CDA1C5118C199BD00AA00C7 /* Products */;
			projectDirPath = "";
			projectRoot = "";
			targets = (
				3CDA1C4F18C199BD00AA00C7 /* uexUploaderMgr */,
			);
		};
/* End PBXProject section */

/* Begin PBXSourcesBuildPhase section */
		3CDA1C4C18C199BD00AA00C7 /* Sources */ = {
			isa = PBXSourcesBuildPhase;
			buildActionMask = 2147483647;
			files = (
				3CDA1CBC18C19A8700AA00C7 /* EUExFormFile.m in Sources */,
				3CDA1CBB18C19A8700AA00C7 /* EUExUploaderMgr.m in Sources */,
			);
			runOnlyForDeploymentPostprocessing = 0;
		};
/* End PBXSourcesBuildPhase section */

/* Begin XCBuildConfiguration section */
		3CDA1C7118C199BD00AA00C7 /* Debug */ = {
			isa = XCBuildConfiguration;
			buildSettings = {
				ALWAYS_SEARCH_USER_PATHS = NO;
				ARCHS = "$(ARCHS_STANDARD)";
				CLANG_CXX_LANGUAGE_STANDARD = "gnu++0x";
				CLANG_CXX_LIBRARY = "libc++";
				CLANG_ENABLE_MODULES = YES;
				CLANG_ENABLE_OBJC_ARC = YES;
				CLANG_WARN_BOOL_CONVERSION = YES;
				CLANG_WARN_CONSTANT_CONVERSION = YES;
				CLANG_WARN_DIRECT_OBJC_ISA_USAGE = YES_ERROR;
				CLANG_WARN_EMPTY_BODY = YES;
				CLANG_WARN_ENUM_CONVERSION = YES;
				CLANG_WARN_INT_CONVERSION = YES;
				CLANG_WARN_OBJC_ROOT_CLASS = YES_ERROR;
				CLANG_WARN__DUPLICATE_METHOD_MATCH = YES;
				CODE_SIGN_IDENTITY = "iPhone Distribution: Zhengyi Wireless(Beijing) Technology Co., Ltd.";
				CONFIGURATION_BUILD_DIR = "$(SRCROOT)/uexUploaderMgr/";
				COPY_PHASE_STRIP = NO;
				DEBUG_INFORMATION_FORMAT = dwarf;
				GCC_C_LANGUAGE_STANDARD = gnu99;
				GCC_DYNAMIC_NO_PIC = NO;
				GCC_OPTIMIZATION_LEVEL = 0;
				GCC_PREPROCESSOR_DEFINITIONS = (
					"DEBUG=1",
					"$(inherited)",
				);
				GCC_SYMBOLS_PRIVATE_EXTERN = NO;
				GCC_WARN_64_TO_32_BIT_CONVERSION = YES;
				GCC_WARN_ABOUT_RETURN_TYPE = YES_ERROR;
				GCC_WARN_UNDECLARED_SELECTOR = YES;
				GCC_WARN_UNINITIALIZED_AUTOS = YES;
				GCC_WARN_UNUSED_FUNCTION = YES;
				GCC_WARN_UNUSED_VARIABLE = YES;
				IPHONEOS_DEPLOYMENT_TARGET = 4.3;
				ONLY_ACTIVE_ARCH = NO;
				SDKROOT = iphoneos;
				VALID_ARCHS = "armv7 armv7s";
			};
			name = Debug;
		};
		3CDA1C7218C199BD00AA00C7 /* Release */ = {
			isa = XCBuildConfiguration;
			buildSettings = {
				ALWAYS_SEARCH_USER_PATHS = NO;
				ARCHS = "$(ARCHS_STANDARD)";
				CLANG_CXX_LANGUAGE_STANDARD = "gnu++0x";
				CLANG_CXX_LIBRARY = "libc++";
				CLANG_ENABLE_MODULES = YES;
				CLANG_ENABLE_OBJC_ARC = YES;
				CLANG_WARN_BOOL_CONVERSION = YES;
				CLANG_WARN_CONSTANT_CONVERSION = YES;
				CLANG_WARN_DIRECT_OBJC_ISA_USAGE = YES_ERROR;
				CLANG_WARN_EMPTY_BODY = YES;
				CLANG_WARN_ENUM_CONVERSION = YES;
				CLANG_WARN_INT_CONVERSION = YES;
				CLANG_WARN_OBJC_ROOT_CLASS = YES_ERROR;
				CLANG_WARN__DUPLICATE_METHOD_MATCH = YES;
				CODE_SIGN_IDENTITY = "iPhone Distribution: Zhengyi Wireless(Beijing) Technology Co., Ltd.";
				CONFIGURATION_BUILD_DIR = "$(SRCROOT)/uexUploaderMgr/";
				COPY_PHASE_STRIP = YES;
				DEBUG_INFORMATION_FORMAT = dwarf;
				ENABLE_NS_ASSERTIONS = NO;
				GCC_C_LANGUAGE_STANDARD = gnu99;
				GCC_WARN_64_TO_32_BIT_CONVERSION = YES;
				GCC_WARN_ABOUT_RETURN_TYPE = YES_ERROR;
				GCC_WARN_UNDECLARED_SELECTOR = YES;
				GCC_WARN_UNINITIALIZED_AUTOS = YES;
				GCC_WARN_UNUSED_FUNCTION = YES;
				GCC_WARN_UNUSED_VARIABLE = YES;
				IPHONEOS_DEPLOYMENT_TARGET = 4.3;
				SDKROOT = iphoneos;
				VALIDATE_PRODUCT = YES;
				VALID_ARCHS = "armv7 armv7s";
			};
			name = Release;
		};
		3CDA1C7418C199BD00AA00C7 /* Debug */ = {
			isa = XCBuildConfiguration;
			buildSettings = {
				ARCHS = "$(ARCHS_STANDARD)";
				CLANG_ENABLE_OBJC_ARC = NO;
				CODE_SIGN_IDENTITY = "iPhone Developer: leilei xu (T8E4RVNP82)";
				DSTROOT = /tmp/uexUploaderMgr.dst;
				GCC_PRECOMPILE_PREFIX_HEADER = YES;
				GCC_PREFIX_HEADER = "EUExUploaderMgr/EUExUploaderMgr-Prefix.pch";
				LIBRARY_SEARCH_PATHS = (
					"$(inherited)",
					"$(SRCROOT)/../",
					"$(PROJECT_DIR)",
				);
				OTHER_LDFLAGS = "-ObjC";
				PRODUCT_NAME = "$(TARGET_NAME)";
				SKIP_INSTALL = YES;
			};
			name = Debug;
		};
		3CDA1C7518C199BD00AA00C7 /* Release */ = {
			isa = XCBuildConfiguration;
			buildSettings = {
				ARCHS = "$(ARCHS_STANDARD)";
				CLANG_ENABLE_OBJC_ARC = NO;
				CODE_SIGN_IDENTITY = "iPhone Developer: leilei xu (T8E4RVNP82)";
				DSTROOT = /tmp/uexUploaderMgr.dst;
				GCC_PRECOMPILE_PREFIX_HEADER = YES;
				GCC_PREFIX_HEADER = "EUExUploaderMgr/EUExUploaderMgr-Prefix.pch";
				LIBRARY_SEARCH_PATHS = (
					"$(inherited)",
					"$(SRCROOT)/../",
					"$(PROJECT_DIR)",
				);
				OTHER_LDFLAGS = "-ObjC";
				PRODUCT_NAME = "$(TARGET_NAME)";
				SKIP_INSTALL = YES;
			};
			name = Release;
		};
/* End XCBuildConfiguration section */

/* Begin XCConfigurationList section */
		3CDA1C4B18C199BC00AA00C7 /* Build configuration list for PBXProject "uexUploaderMgr" */ = {
			isa = XCConfigurationList;
			buildConfigurations = (
				3CDA1C7118C199BD00AA00C7 /* Debug */,
				3CDA1C7218C199BD00AA00C7 /* Release */,
			);
			defaultConfigurationIsVisible = 0;
			defaultConfigurationName = Release;
		};
		3CDA1C7318C199BD00AA00C7 /* Build configuration list for PBXNativeTarget "uexUploaderMgr" */ = {
			isa = XCConfigurationList;
			buildConfigurations = (
				3CDA1C7418C199BD00AA00C7 /* Debug */,
				3CDA1C7518C199BD00AA00C7 /* Release */,
			);
			defaultConfigurationIsVisible = 0;
			defaultConfigurationName = Release;
		};
/* End XCConfigurationList section */
	};
	rootObject = 3CDA1C4818C199BC00AA00C7 /* Project object */;
}
