<?xml version="1.0" encoding="UTF-8"?>
<!DOCTYPE plist PUBLIC "-//Apple//DTD PLIST 1.0//EN" "http://www.apple.com/DTDs/PropertyList-1.0.dtd">
<plist version="1.0">
<dict>
	<key>archiveVersion</key>
	<string>1</string>
	<key>classes</key>
	<dict/>
	<key>objectVersion</key>
	<string>46</string>
	<key>objects</key>
	<dict>
		<key>03442C2A18B2317800CEC18D</key>
		<dict>
			<key>children</key>
			<array>
				<string>03442C3818B2317900CEC18D</string>
				<string>03442C3518B2317900CEC18D</string>
				<string>D9679F64A4C6D06425C7BF19</string>
				<string>0FF1850C353ABFBD1C73D206</string>
				<string>03442C3418B2317900CEC18D</string>
			</array>
			<key>isa</key>
			<string>PBXGroup</string>
			<key>sourceTree</key>
			<string>&lt;group&gt;</string>
		</dict>
		<key>03442C2B18B2317800CEC18D</key>
		<dict>
			<key>attributes</key>
			<dict>
				<key>LastUpgradeCheck</key>
				<string>0730</string>
				<key>ORGANIZATIONNAME</key>
				<string>zhengcuan</string>
			</dict>
			<key>buildConfigurationList</key>
			<string>03442C2E18B2317800CEC18D</string>
			<key>compatibilityVersion</key>
			<string>Xcode 3.2</string>
			<key>developmentRegion</key>
			<string>English</string>
			<key>hasScannedForEncodings</key>
			<string>0</string>
			<key>isa</key>
			<string>PBXProject</string>
			<key>knownRegions</key>
			<array>
				<string>en</string>
			</array>
			<key>mainGroup</key>
			<string>03442C2A18B2317800CEC18D</string>
			<key>productRefGroup</key>
			<string>03442C3418B2317900CEC18D</string>
			<key>projectDirPath</key>
			<string></string>
			<key>projectRoot</key>
			<string></string>
			<key>targets</key>
			<array>
				<string>03442C3218B2317900CEC18D</string>
			</array>
		</dict>
		<key>03442C2E18B2317800CEC18D</key>
		<dict>
			<key>buildConfigurations</key>
			<array>
				<string>03442C5418B2317900CEC18D</string>
				<string>03442C5518B2317900CEC18D</string>
			</array>
			<key>defaultConfigurationIsVisible</key>
			<string>0</string>
			<key>defaultConfigurationName</key>
			<string>Release</string>
			<key>isa</key>
			<string>XCConfigurationList</string>
		</dict>
		<key>03442C2F18B2317900CEC18D</key>
		<dict>
			<key>buildActionMask</key>
			<string>2147483647</string>
			<key>files</key>
			<array>
				<string>42CAC7FC1CE57EA8009A4AB5</string>
				<string>42CAC7E61CE463A7009A4AB5</string>
				<string>42C9A7181CD88D9A0013035B</string>
				<string>42CAC7E21CE4578D009A4AB5</string>
				<string>42CAC8051CE5DCCE009A4AB5</string>
				<string>42CAC7F71CE571BC009A4AB5</string>
				<string>42C9A7151CD88D5D0013035B</string>
			</array>
			<key>isa</key>
			<string>PBXSourcesBuildPhase</string>
			<key>runOnlyForDeploymentPostprocessing</key>
			<string>0</string>
		</dict>
		<key>03442C3018B2317900CEC18D</key>
		<dict>
			<key>buildActionMask</key>
			<string>2147483647</string>
			<key>files</key>
			<array>
				<string>03442C3718B2317900CEC18D</string>
				<string>42C9A7101CD879160013035B</string>
				<string>59D0D62B0BD06E6CBF44F112</string>
				<string>6CBA5D4AAF9BD510F4C2161C</string>
				<string>8FE7FFF56A91C3777F3F7789</string>
				<string>07E6AFECA63BBE46EBD3A9D4</string>
				<string>B71F2D7129339C689430F7E9</string>
				<string>0C12BB0726FA69E2ECE75B5E</string>
				<string>2B0EE8B0BDA510EE1542DEEB</string>
				<string>1091BB8973DA914A10C722BD</string>
				<string>DA8D78DFADA1CE6AE21E5D11</string>
				<string>BEE360A7BA09616D70480DD4</string>
				<string>0D1EAA40021B82EDD58C7118</string>
				<string>E66DA44E7002F0E2E96396D4</string>
				<string>081233ABA4460D0759EA34EB</string>
				<string>FEE0FFBD2572C7ACAF27E993</string>
			</array>
			<key>isa</key>
			<string>PBXFrameworksBuildPhase</string>
			<key>runOnlyForDeploymentPostprocessing</key>
			<string>0</string>
		</dict>
		<key>03442C3118B2317900CEC18D</key>
		<dict>
			<key>buildActionMask</key>
			<string>2147483647</string>
			<key>dstPath</key>
			<string></string>
			<key>dstSubfolderSpec</key>
			<string>16</string>
			<key>files</key>
			<array>
				<string>4224236C1CEBFE3A009530DA</string>
			</array>
			<key>isa</key>
			<string>PBXCopyFilesBuildPhase</string>
			<key>runOnlyForDeploymentPostprocessing</key>
			<string>0</string>
		</dict>
		<key>03442C3218B2317900CEC18D</key>
		<dict>
			<key>buildConfigurationList</key>
			<string>03442C5618B2317900CEC18D</string>
			<key>buildPhases</key>
			<array>
				<string>03442C2F18B2317900CEC18D</string>
				<string>03442C3018B2317900CEC18D</string>
			</array>
			<key>buildRules</key>
			<array/>
			<key>dependencies</key>
			<array/>
			<key>isa</key>
			<string>PBXNativeTarget</string>
			<key>name</key>
			<string>EUExUploaderMgr</string>
			<key>productName</key>
			<string>EUExUploaderMgr</string>
			<key>productReference</key>
			<string>03442C3318B2317900CEC18D</string>
			<key>productType</key>
			<string>com.apple.product-type.framework</string>
		</dict>
		<key>03442C3318B2317900CEC18D</key>
		<dict>
			<key>explicitFileType</key>
			<string>archive.ar</string>
			<key>includeInIndex</key>
			<string>0</string>
			<key>isa</key>
			<string>PBXFileReference</string>
			<key>name</key>
			<string>uexUploaderMgr.framework</string>
			<key>path</key>
			<string>uexUploaderMgr.framework</string>
			<key>sourceTree</key>
			<string>BUILT_PRODUCTS_DIR</string>
		</dict>
		<key>03442C3418B2317900CEC18D</key>
		<dict>
			<key>children</key>
			<array>
				<string>03442C3318B2317900CEC18D</string>
			</array>
			<key>isa</key>
			<string>PBXGroup</string>
			<key>name</key>
			<string>Products</string>
			<key>sourceTree</key>
			<string>&lt;group&gt;</string>
		</dict>
		<key>03442C3518B2317900CEC18D</key>
		<dict>
			<key>children</key>
			<array>
				<string>03442C3618B2317900CEC18D</string>
			</array>
			<key>isa</key>
			<string>PBXGroup</string>
			<key>name</key>
			<string>Frameworks</string>
			<key>sourceTree</key>
			<string>&lt;group&gt;</string>
		</dict>
		<key>03442C3618B2317900CEC18D</key>
		<dict>
			<key>isa</key>
			<string>PBXFileReference</string>
			<key>lastKnownFileType</key>
			<string>wrapper.framework</string>
			<key>name</key>
			<string>Foundation.framework</string>
			<key>path</key>
			<string>System/Library/Frameworks/Foundation.framework</string>
			<key>sourceTree</key>
			<string>SDKROOT</string>
		</dict>
		<key>03442C3718B2317900CEC18D</key>
		<dict>
			<key>fileRef</key>
			<string>03442C3618B2317900CEC18D</string>
			<key>isa</key>
			<string>PBXBuildFile</string>
		</dict>
		<key>03442C3818B2317900CEC18D</key>
		<dict>
			<key>children</key>
			<array>
				<string>42338CB71D4B39A90036F93E</string>
				<string>03442C6218B2326A00CEC18D</string>
				<string>03442C3918B2317900CEC18D</string>
				<string>42C9A7131CD88D5D0013035B</string>
				<string>42C9A7141CD88D5D0013035B</string>
			</array>
			<key>isa</key>
			<string>PBXGroup</string>
			<key>path</key>
			<string>EUExUploaderMgr</string>
			<key>sourceTree</key>
			<string>&lt;group&gt;</string>
		</dict>
		<key>03442C3918B2317900CEC18D</key>
		<dict>
			<key>children</key>
			<array>
				<string>03442C3A18B2317900CEC18D</string>
			</array>
			<key>isa</key>
			<string>PBXGroup</string>
			<key>name</key>
			<string>Supporting Files</string>
			<key>sourceTree</key>
			<string>&lt;group&gt;</string>
		</dict>
		<key>03442C3A18B2317900CEC18D</key>
		<dict>
			<key>isa</key>
			<string>PBXFileReference</string>
			<key>lastKnownFileType</key>
			<string>sourcecode.c.h</string>
			<key>path</key>
			<string>EUExUploaderMgr-Prefix.pch</string>
			<key>sourceTree</key>
			<string>&lt;group&gt;</string>
		</dict>
		<key>03442C5418B2317900CEC18D</key>
		<dict>
			<key>buildSettings</key>
			<dict>
				<key>ALWAYS_SEARCH_USER_PATHS</key>
				<string>NO</string>
				<key>ARCHS</key>
				<string>$(ARCHS_STANDARD_INCLUDING_64_BIT)</string>
				<key>CLANG_CXX_LANGUAGE_STANDARD</key>
				<string>gnu++0x</string>
				<key>CLANG_CXX_LIBRARY</key>
				<string>libc++</string>
				<key>CLANG_ENABLE_MODULES</key>
				<string>YES</string>
				<key>CLANG_ENABLE_OBJC_ARC</key>
				<string>YES</string>
				<key>CLANG_WARN_BOOL_CONVERSION</key>
				<string>YES</string>
				<key>CLANG_WARN_CONSTANT_CONVERSION</key>
				<string>YES</string>
				<key>CLANG_WARN_DIRECT_OBJC_ISA_USAGE</key>
				<string>YES_ERROR</string>
				<key>CLANG_WARN_EMPTY_BODY</key>
				<string>YES</string>
				<key>CLANG_WARN_ENUM_CONVERSION</key>
				<string>YES</string>
				<key>CLANG_WARN_INT_CONVERSION</key>
				<string>YES</string>
				<key>CLANG_WARN_OBJC_ROOT_CLASS</key>
				<string>YES_ERROR</string>
				<key>CLANG_WARN__DUPLICATE_METHOD_MATCH</key>
				<string>YES</string>
				<key>COPY_PHASE_STRIP</key>
				<string>NO</string>
				<key>DEBUG_INFORMATION_FORMAT</key>
				<string>dwarf</string>
				<key>GCC_C_LANGUAGE_STANDARD</key>
				<string>gnu99</string>
				<key>GCC_DYNAMIC_NO_PIC</key>
				<string>NO</string>
				<key>GCC_OPTIMIZATION_LEVEL</key>
				<string>0</string>
				<key>GCC_PREPROCESSOR_DEFINITIONS</key>
				<array>
					<string>DEBUG=1</string>
					<string>$(inherited)</string>
				</array>
				<key>GCC_SYMBOLS_PRIVATE_EXTERN</key>
				<string>NO</string>
				<key>GCC_WARN_64_TO_32_BIT_CONVERSION</key>
				<string>YES</string>
				<key>GCC_WARN_ABOUT_RETURN_TYPE</key>
				<string>YES_ERROR</string>
				<key>GCC_WARN_UNDECLARED_SELECTOR</key>
				<string>YES</string>
				<key>GCC_WARN_UNINITIALIZED_AUTOS</key>
				<string>YES</string>
				<key>GCC_WARN_UNUSED_FUNCTION</key>
				<string>YES</string>
				<key>GCC_WARN_UNUSED_VARIABLE</key>
				<string>YES</string>
				<key>IPHONEOS_DEPLOYMENT_TARGET</key>
				<string>8.0</string>
				<key>ONLY_ACTIVE_ARCH</key>
				<string>YES</string>
				<key>SDKROOT</key>
				<string>iphoneos</string>
				<key>TARGETED_DEVICE_FAMILY</key>
				<string>1,2</string>
			</dict>
			<key>isa</key>
			<string>XCBuildConfiguration</string>
			<key>name</key>
			<string>Debug</string>
		</dict>
		<key>03442C5518B2317900CEC18D</key>
		<dict>
			<key>buildSettings</key>
			<dict>
				<key>ALWAYS_SEARCH_USER_PATHS</key>
				<string>NO</string>
				<key>ARCHS</key>
				<string>$(ARCHS_STANDARD_INCLUDING_64_BIT)</string>
				<key>CLANG_CXX_LANGUAGE_STANDARD</key>
				<string>gnu++0x</string>
				<key>CLANG_CXX_LIBRARY</key>
				<string>libc++</string>
				<key>CLANG_ENABLE_MODULES</key>
				<string>YES</string>
				<key>CLANG_ENABLE_OBJC_ARC</key>
				<string>YES</string>
				<key>CLANG_WARN_BOOL_CONVERSION</key>
				<string>YES</string>
				<key>CLANG_WARN_CONSTANT_CONVERSION</key>
				<string>YES</string>
				<key>CLANG_WARN_DIRECT_OBJC_ISA_USAGE</key>
				<string>YES_ERROR</string>
				<key>CLANG_WARN_EMPTY_BODY</key>
				<string>YES</string>
				<key>CLANG_WARN_ENUM_CONVERSION</key>
				<string>YES</string>
				<key>CLANG_WARN_INT_CONVERSION</key>
				<string>YES</string>
				<key>CLANG_WARN_OBJC_ROOT_CLASS</key>
				<string>YES_ERROR</string>
				<key>CLANG_WARN__DUPLICATE_METHOD_MATCH</key>
				<string>YES</string>
				<key>COPY_PHASE_STRIP</key>
				<string>YES</string>
				<key>DEBUG_INFORMATION_FORMAT</key>
				<string>dwarf</string>
				<key>ENABLE_NS_ASSERTIONS</key>
				<string>NO</string>
				<key>GCC_C_LANGUAGE_STANDARD</key>
				<string>gnu99</string>
				<key>GCC_WARN_64_TO_32_BIT_CONVERSION</key>
				<string>YES</string>
				<key>GCC_WARN_ABOUT_RETURN_TYPE</key>
				<string>YES_ERROR</string>
				<key>GCC_WARN_UNDECLARED_SELECTOR</key>
				<string>YES</string>
				<key>GCC_WARN_UNINITIALIZED_AUTOS</key>
				<string>YES</string>
				<key>GCC_WARN_UNUSED_FUNCTION</key>
				<string>YES</string>
				<key>GCC_WARN_UNUSED_VARIABLE</key>
				<string>YES</string>
				<key>IPHONEOS_DEPLOYMENT_TARGET</key>
				<string>8.0</string>
				<key>SDKROOT</key>
				<string>iphoneos</string>
				<key>TARGETED_DEVICE_FAMILY</key>
				<string>1,2</string>
				<key>VALIDATE_PRODUCT</key>
				<string>YES</string>
			</dict>
			<key>isa</key>
			<string>XCBuildConfiguration</string>
			<key>name</key>
			<string>Release</string>
		</dict>
		<key>03442C5618B2317900CEC18D</key>
		<dict>
			<key>buildConfigurations</key>
			<array>
				<string>03442C5718B2317900CEC18D</string>
				<string>03442C5818B2317900CEC18D</string>
			</array>
			<key>defaultConfigurationIsVisible</key>
			<string>0</string>
			<key>defaultConfigurationName</key>
			<string>Release</string>
			<key>isa</key>
			<string>XCConfigurationList</string>
		</dict>
		<key>03442C5718B2317900CEC18D</key>
		<dict>
			<key>buildSettings</key>
			<dict>
				<key>ARCHS</key>
				<string>$(ARCHS_STANDARD)</string>
				<key>BUNDLE_IDENTIFIER</key>
				<string>com.zywx.runner</string>
				<key>CLANG_ENABLE_OBJC_ARC</key>
				<string>YES</string>
				<key>CONFIGURATION_BUILD_DIR</key>
				<string>$(SRCROOT)/uexUploaderMgr/IDE/</string>
				<key>DEBUG_INFORMATION_FORMAT</key>
				<string>dwarf</string>
				<key>DEFINES_MODULE</key>
				<string>YES</string>
				<key>DSTROOT</key>
				<string>/tmp/EUExUploaderMgr.dst</string>
				<key>DYLIB_COMPATIBILITY_VERSION</key>
				<string>1</string>
				<key>DYLIB_CURRENT_VERSION</key>
				<string>1</string>
				<key>DYLIB_INSTALL_NAME_BASE</key>
				<string>@rpath</string>
				<key>ENABLE_BITCODE</key>
				<string>NO</string>
				<key>FRAMEWORK_SEARCH_PATHS</key>
				<array>
					<string>$(inherited)</string>
					<string>$(PROJECT_DIR)/EUExUploaderMgr/sourceCode</string>
					<string>$(PROJECT_DIR)/EUExUploaderMgr</string>
					<string>$(PROJECT_DIR)</string>
					<string>$(SRCROOT)/../../AppCanPluginTools-iOS/resource/IDEPluginProjectPackageResource</string>
				</array>
				<key>GCC_PRECOMPILE_PREFIX_HEADER</key>
				<string>YES</string>
				<key>GCC_PREFIX_HEADER</key>
				<string>EUExUploaderMgr/EUExUploaderMgr-Prefix.pch</string>
				<key>HEADER_SEARCH_PATHS</key>
				<array>
					<string>$(SRCROOT)/../../AppCanPluginTools-iOS/resource/IDEPluginProjectPackageResource</string>
				</array>
				<key>INFOPLIST_FILE</key>
				<string>$(SRCROOT)/../../AppCanPluginTools-iOS/resource/IDEPluginProjectPackageResource/info.plist</string>
				<key>INSTALL_PATH</key>
				<string>$(LOCAL_LIBRARY_DIR)/Frameworks</string>
				<key>IPHONEOS_DEPLOYMENT_TARGET</key>
				<string>8.0</string>
				<key>LD_RUNPATH_SEARCH_PATHS</key>
				<array>
					<string>$(inherited)</string>
					<string>@executable_path/Frameworks</string>
					<string>@executable_path</string>
					<string>@loader_path/Frameworks</string>
					<string>@loader_path</string>
				</array>
				<key>LIBRARY_SEARCH_PATHS</key>
				<array>
					<string>$(inherited)</string>
					<string>$(SRCROOT)/../../AppCanPluginTools-iOS/resource/IDEPluginProjectPackageResource</string>
				</array>
				<key>ONLY_ACTIVE_ARCH</key>
				<string>NO</string>
				<key>OTHER_LDFLAGS</key>
				<array>
					<string>-ObjC</string>
					<string>$(SRCROOT)/../../AppCanPluginTools-iOS/resource/IDEPluginProjectPackageResource/AppCanKit.framework/AppCanKit</string>
				</array>
				<key>PRODUCT_NAME</key>
				<string>uexUploaderMgr</string>
				<key>PROVISIONING_PROFILE</key>
				<string>3046553f-5c0d-4f94-8f3c-dd49ce267880</string>
				<key>SKIP_INSTALL</key>
				<string>YES</string>
				<key>VALID_ARCHS</key>
				<string>arm64 armv7</string>
			</dict>
			<key>isa</key>
			<string>XCBuildConfiguration</string>
			<key>name</key>
			<string>Debug</string>
		</dict>
		<key>03442C5818B2317900CEC18D</key>
		<dict>
			<key>buildSettings</key>
			<dict>
				<key>ARCHS</key>
				<string>$(ARCHS_STANDARD)</string>
				<key>BUNDLE_IDENTIFIER</key>
				<string>com.zywx.runner</string>
				<key>CLANG_ENABLE_OBJC_ARC</key>
				<string>YES</string>
				<key>CONFIGURATION_BUILD_DIR</key>
				<string>$(SRCROOT)/uexUploaderMgr/IDE/</string>
				<key>DEBUG_INFORMATION_FORMAT</key>
				<string>dwarf</string>
				<key>DEFINES_MODULE</key>
				<string>YES</string>
				<key>DSTROOT</key>
				<string>/tmp/EUExUploaderMgr.dst</string>
				<key>DYLIB_COMPATIBILITY_VERSION</key>
				<string>1</string>
				<key>DYLIB_CURRENT_VERSION</key>
				<string>1</string>
				<key>DYLIB_INSTALL_NAME_BASE</key>
				<string>@rpath</string>
				<key>ENABLE_BITCODE</key>
				<string>NO</string>
				<key>FRAMEWORK_SEARCH_PATHS</key>
				<array>
					<string>$(inherited)</string>
					<string>$(PROJECT_DIR)/EUExUploaderMgr/sourceCode</string>
					<string>$(PROJECT_DIR)/EUExUploaderMgr</string>
					<string>$(PROJECT_DIR)</string>
					<string>$(SRCROOT)/../../AppCanPluginTools-iOS/resource/IDEPluginProjectPackageResource</string>
				</array>
				<key>GCC_PRECOMPILE_PREFIX_HEADER</key>
				<string>YES</string>
				<key>GCC_PREFIX_HEADER</key>
				<string>EUExUploaderMgr/EUExUploaderMgr-Prefix.pch</string>
				<key>HEADER_SEARCH_PATHS</key>
				<array>
					<string>$(SRCROOT)/../../AppCanPluginTools-iOS/resource/IDEPluginProjectPackageResource</string>
				</array>
				<key>INFOPLIST_FILE</key>
				<string>$(SRCROOT)/../../AppCanPluginTools-iOS/resource/IDEPluginProjectPackageResource/info.plist</string>
				<key>INSTALL_PATH</key>
				<string>$(LOCAL_LIBRARY_DIR)/Frameworks</string>
				<key>IPHONEOS_DEPLOYMENT_TARGET</key>
				<string>8.0</string>
				<key>LD_RUNPATH_SEARCH_PATHS</key>
				<array>
					<string>$(inherited)</string>
					<string>@executable_path/Frameworks</string>
					<string>@executable_path</string>
					<string>@loader_path/Frameworks</string>
					<string>@loader_path</string>
				</array>
				<key>LIBRARY_SEARCH_PATHS</key>
				<array>
					<string>$(inherited)</string>
					<string>$(SRCROOT)/../../AppCanPluginTools-iOS/resource/IDEPluginProjectPackageResource</string>
				</array>
				<key>ONLY_ACTIVE_ARCH</key>
				<string>NO</string>
				<key>OTHER_LDFLAGS</key>
				<array>
					<string>-ObjC</string>
					<string>$(SRCROOT)/../../AppCanPluginTools-iOS/resource/IDEPluginProjectPackageResource/AppCanKit.framework/AppCanKit</string>
				</array>
				<key>PRODUCT_NAME</key>
				<string>uexUploaderMgr</string>
				<key>PROVISIONING_PROFILE</key>
				<string>3046553f-5c0d-4f94-8f3c-dd49ce267880</string>
				<key>SKIP_INSTALL</key>
				<string>YES</string>
				<key>VALID_ARCHS</key>
				<string>arm64 armv7</string>
			</dict>
			<key>isa</key>
			<string>XCBuildConfiguration</string>
			<key>name</key>
			<string>Release</string>
		</dict>
		<key>03442C6218B2326A00CEC18D</key>
		<dict>
			<key>children</key>
			<array>
				<string>42C9A70F1CD879160013035B</string>
				<string>F7D298001A68F0FD004DF18C</string>
				<string>42C9A7161CD88D9A0013035B</string>
				<string>42C9A7171CD88D9A0013035B</string>
				<string>42CAC7FA1CE57EA8009A4AB5</string>
				<string>42CAC7FB1CE57EA8009A4AB5</string>
				<string>42CAC8031CE5DCCE009A4AB5</string>
				<string>42CAC8041CE5DCCE009A4AB5</string>
				<string>42CAC7E41CE463A7009A4AB5</string>
				<string>42CAC7E51CE463A7009A4AB5</string>
				<string>42CAC7E01CE4578D009A4AB5</string>
				<string>42CAC7E11CE4578D009A4AB5</string>
				<string>42CAC7F51CE571BC009A4AB5</string>
				<string>42CAC7F61CE571BC009A4AB5</string>
			</array>
			<key>isa</key>
			<string>PBXGroup</string>
			<key>path</key>
			<string>sourceCode</string>
			<key>sourceTree</key>
			<string>&lt;group&gt;</string>
		</dict>
		<key>07E6AFECA63BBE46EBD3A9D4</key>
		<dict>
			<key>fileRef</key>
			<string>D50FB52D2C6211BDFC7BC2F1</string>
			<key>isa</key>
			<string>PBXBuildFile</string>
		</dict>
		<key>081233ABA4460D0759EA34EB</key>
		<dict>
			<key>fileRef</key>
			<string>ADE908EC12D42E9F3CD19D20</string>
			<key>isa</key>
			<string>PBXBuildFile</string>
		</dict>
		<key>09BBDBCD3BD4ACFA795F41E3</key>
		<dict>
			<key>fileEncoding</key>
			<string>4</string>
			<key>isa</key>
			<string>PBXFileReference</string>
			<key>lastKnownFileType</key>
			<string>wrapper.framework</string>
			<key>name</key>
			<string>CoreGraphics.framework</string>
			<key>path</key>
			<string>System/Library/Frameworks/CoreGraphics.framework</string>
			<key>sourceTree</key>
			<string>SDKROOT</string>
		</dict>
		<key>0C12BB0726FA69E2ECE75B5E</key>
		<dict>
			<key>fileRef</key>
			<string>559CD7DC5F1CD4875F6836DC</string>
			<key>isa</key>
			<string>PBXBuildFile</string>
		</dict>
		<key>0D1EAA40021B82EDD58C7118</key>
		<dict>
			<key>fileRef</key>
			<string>FB27CEEE282B1FDF4082B09A</string>
			<key>isa</key>
			<string>PBXBuildFile</string>
		</dict>
		<key>0FF1850C353ABFBD1C73D206</key>
		<dict>
			<key>children</key>
			<array>
				<string>1BB24C3E6560B019FA6100ED</string>
				<string>EA68189CDD1807D07BF8024C</string>
			</array>
			<key>isa</key>
			<string>PBXGroup</string>
			<key>path</key>
			<string>AppCanEngine</string>
			<key>sourceTree</key>
			<string>&lt;group&gt;</string>
		</dict>
		<key>1091BB8973DA914A10C722BD</key>
		<dict>
			<key>fileRef</key>
			<string>09BBDBCD3BD4ACFA795F41E3</string>
			<key>isa</key>
			<string>PBXBuildFile</string>
		</dict>
		<key>17DBAF40062F2AB3366A493B</key>
		<dict>
			<key>fileEncoding</key>
			<string>4</string>
			<key>isa</key>
			<string>PBXFileReference</string>
			<key>lastKnownFileType</key>
			<string>archive.ar</string>
			<key>name</key>
			<string>libsqlite3.tbd</string>
			<key>path</key>
			<string>usr/lib/libsqlite3.tbd</string>
			<key>sourceTree</key>
			<string>SDKROOT</string>
		</dict>
		<key>1BB24C3E6560B019FA6100ED</key>
		<dict>
			<key>fileEncoding</key>
			<string>4</string>
			<key>isa</key>
			<string>PBXFileReference</string>
			<key>lastKnownFileType</key>
			<string>wrapper.framework</string>
			<key>name</key>
			<string>AppCanEngine.framework</string>
			<key>path</key>
			<string>../../../AppCanPluginTools-iOS/resource/IDEPluginProjectPackageResource/AppCanEngine.framework</string>
			<key>sourceTree</key>
			<string>&lt;group&gt;</string>
		</dict>
		<key>285BE886C1E3DA65D009927F</key>
		<dict>
			<key>fileEncoding</key>
			<string>4</string>
			<key>isa</key>
			<string>PBXFileReference</string>
			<key>lastKnownFileType</key>
			<string>wrapper.framework</string>
			<key>name</key>
			<string>UIKit.framework</string>
			<key>path</key>
			<string>System/Library/Frameworks/UIKit.framework</string>
			<key>sourceTree</key>
			<string>SDKROOT</string>
		</dict>
		<key>2B0EE8B0BDA510EE1542DEEB</key>
		<dict>
			<key>fileRef</key>
			<string>285BE886C1E3DA65D009927F</string>
			<key>isa</key>
			<string>PBXBuildFile</string>
		</dict>
		<key>4224236C1CEBFE3A009530DA</key>
		<dict>
			<key>fileRef</key>
			<string>42C9A70F1CD879160013035B</string>
			<key>isa</key>
			<string>PBXBuildFile</string>
		</dict>
		<key>42338CB81D4B39A90036F93E</key>
		<dict>
			<key>fileRef</key>
			<string>42338CB71D4B39A90036F93E</string>
			<key>isa</key>
			<string>PBXBuildFile</string>
		</dict>
		<key>42C9A70F1CD879160013035B</key>
		<dict>
			<key>isa</key>
			<string>PBXFileReference</string>
			<key>lastKnownFileType</key>
			<string>wrapper.framework</string>
			<key>path</key>
			<string>AFNetworking.framework</string>
			<key>sourceTree</key>
			<string>&lt;group&gt;</string>
		</dict>
		<key>42C9A7101CD879160013035B</key>
		<dict>
			<key>fileRef</key>
			<string>42C9A70F1CD879160013035B</string>
			<key>isa</key>
			<string>PBXBuildFile</string>
		</dict>
		<key>42C9A7131CD88D5D0013035B</key>
		<dict>
			<key>fileEncoding</key>
			<string>4</string>
			<key>isa</key>
			<string>PBXFileReference</string>
			<key>lastKnownFileType</key>
			<string>sourcecode.c.h</string>
			<key>path</key>
			<string>EUExUploaderMgr.h</string>
			<key>sourceTree</key>
			<string>&lt;group&gt;</string>
		</dict>
		<key>42C9A7141CD88D5D0013035B</key>
		<dict>
			<key>fileEncoding</key>
			<string>4</string>
			<key>isa</key>
			<string>PBXFileReference</string>
			<key>lastKnownFileType</key>
			<string>sourcecode.c.objc</string>
			<key>path</key>
			<string>EUExUploaderMgr.m</string>
			<key>sourceTree</key>
			<string>&lt;group&gt;</string>
		</dict>
		<key>42C9A7151CD88D5D0013035B</key>
		<dict>
			<key>fileRef</key>
			<string>42C9A7141CD88D5D0013035B</string>
			<key>isa</key>
			<string>PBXBuildFile</string>
		</dict>
		<key>42C9A7161CD88D9A0013035B</key>
		<dict>
			<key>fileEncoding</key>
			<string>4</string>
			<key>isa</key>
			<string>PBXFileReference</string>
			<key>lastKnownFileType</key>
			<string>sourcecode.c.h</string>
			<key>path</key>
			<string>uexUploader.h</string>
			<key>sourceTree</key>
			<string>&lt;group&gt;</string>
		</dict>
		<key>42C9A7171CD88D9A0013035B</key>
		<dict>
			<key>fileEncoding</key>
			<string>4</string>
			<key>isa</key>
			<string>PBXFileReference</string>
			<key>lastKnownFileType</key>
			<string>sourcecode.c.objc</string>
			<key>path</key>
			<string>uexUploader.m</string>
			<key>sourceTree</key>
			<string>&lt;group&gt;</string>
		</dict>
		<key>42C9A7181CD88D9A0013035B</key>
		<dict>
			<key>fileRef</key>
			<string>42C9A7171CD88D9A0013035B</string>
			<key>isa</key>
			<string>PBXBuildFile</string>
		</dict>
		<key>42CAC7E01CE4578D009A4AB5</key>
		<dict>
			<key>fileEncoding</key>
			<string>4</string>
			<key>isa</key>
			<string>PBXFileReference</string>
			<key>lastKnownFileType</key>
			<string>sourcecode.c.h</string>
			<key>path</key>
			<string>uexUploadHelper.h</string>
			<key>sourceTree</key>
			<string>&lt;group&gt;</string>
		</dict>
		<key>42CAC7E11CE4578D009A4AB5</key>
		<dict>
			<key>fileEncoding</key>
			<string>4</string>
			<key>isa</key>
			<string>PBXFileReference</string>
			<key>lastKnownFileType</key>
			<string>sourcecode.c.objc</string>
			<key>path</key>
			<string>uexUploadHelper.m</string>
			<key>sourceTree</key>
			<string>&lt;group&gt;</string>
		</dict>
		<key>42CAC7E21CE4578D009A4AB5</key>
		<dict>
			<key>fileRef</key>
			<string>42CAC7E11CE4578D009A4AB5</string>
			<key>isa</key>
			<string>PBXBuildFile</string>
		</dict>
		<key>42CAC7E41CE463A7009A4AB5</key>
		<dict>
			<key>fileEncoding</key>
			<string>4</string>
			<key>isa</key>
			<string>PBXFileReference</string>
			<key>lastKnownFileType</key>
			<string>sourcecode.c.h</string>
			<key>path</key>
			<string>uexUploadFile.h</string>
			<key>sourceTree</key>
			<string>&lt;group&gt;</string>
		</dict>
		<key>42CAC7E51CE463A7009A4AB5</key>
		<dict>
			<key>fileEncoding</key>
			<string>4</string>
			<key>isa</key>
			<string>PBXFileReference</string>
			<key>lastKnownFileType</key>
			<string>sourcecode.c.objc</string>
			<key>path</key>
			<string>uexUploadFile.m</string>
			<key>sourceTree</key>
			<string>&lt;group&gt;</string>
		</dict>
		<key>42CAC7E61CE463A7009A4AB5</key>
		<dict>
			<key>fileRef</key>
			<string>42CAC7E51CE463A7009A4AB5</string>
			<key>isa</key>
			<string>PBXBuildFile</string>
		</dict>
		<key>42CAC7F51CE571BC009A4AB5</key>
		<dict>
			<key>fileEncoding</key>
			<string>4</string>
			<key>isa</key>
			<string>PBXFileReference</string>
			<key>lastKnownFileType</key>
			<string>sourcecode.c.h</string>
			<key>path</key>
			<string>uexUploadInfo.h</string>
			<key>sourceTree</key>
			<string>&lt;group&gt;</string>
		</dict>
		<key>42CAC7F61CE571BC009A4AB5</key>
		<dict>
			<key>fileEncoding</key>
			<string>4</string>
			<key>isa</key>
			<string>PBXFileReference</string>
			<key>lastKnownFileType</key>
			<string>sourcecode.c.objc</string>
			<key>path</key>
			<string>uexUploadInfo.m</string>
			<key>sourceTree</key>
			<string>&lt;group&gt;</string>
		</dict>
		<key>42CAC7F71CE571BC009A4AB5</key>
		<dict>
			<key>fileRef</key>
			<string>42CAC7F61CE571BC009A4AB5</string>
			<key>isa</key>
			<string>PBXBuildFile</string>
		</dict>
		<key>42CAC7FA1CE57EA8009A4AB5</key>
		<dict>
			<key>fileEncoding</key>
			<string>4</string>
			<key>isa</key>
			<string>PBXFileReference</string>
			<key>lastKnownFileType</key>
			<string>sourcecode.c.h</string>
			<key>path</key>
			<string>uexBackgroundUploader.h</string>
			<key>sourceTree</key>
			<string>&lt;group&gt;</string>
		</dict>
		<key>42CAC7FB1CE57EA8009A4AB5</key>
		<dict>
			<key>fileEncoding</key>
			<string>4</string>
			<key>isa</key>
			<string>PBXFileReference</string>
			<key>lastKnownFileType</key>
			<string>sourcecode.c.objc</string>
			<key>path</key>
			<string>uexBackgroundUploader.m</string>
			<key>sourceTree</key>
			<string>&lt;group&gt;</string>
		</dict>
		<key>42CAC7FC1CE57EA8009A4AB5</key>
		<dict>
			<key>fileRef</key>
			<string>42CAC7FB1CE57EA8009A4AB5</string>
			<key>isa</key>
			<string>PBXBuildFile</string>
		</dict>
		<key>42CAC8031CE5DCCE009A4AB5</key>
		<dict>
			<key>fileEncoding</key>
			<string>4</string>
			<key>isa</key>
			<string>PBXFileReference</string>
			<key>lastKnownFileType</key>
			<string>sourcecode.c.h</string>
			<key>path</key>
			<string>uexGlobalUploaderManager.h</string>
			<key>sourceTree</key>
			<string>&lt;group&gt;</string>
		</dict>
		<key>42CAC8041CE5DCCE009A4AB5</key>
		<dict>
			<key>fileEncoding</key>
			<string>4</string>
			<key>isa</key>
			<string>PBXFileReference</string>
			<key>lastKnownFileType</key>
			<string>sourcecode.c.objc</string>
			<key>path</key>
			<string>uexGlobalUploaderManager.m</string>
			<key>sourceTree</key>
			<string>&lt;group&gt;</string>
		</dict>
		<key>42CAC8051CE5DCCE009A4AB5</key>
		<dict>
			<key>fileRef</key>
			<string>42CAC8041CE5DCCE009A4AB5</string>
			<key>isa</key>
			<string>PBXBuildFile</string>
		</dict>
		<key>4558AAD6AD9C36A31B037CE2</key>
		<dict>
			<key>fileEncoding</key>
			<string>4</string>
			<key>isa</key>
			<string>PBXFileReference</string>
			<key>lastKnownFileType</key>
			<string>wrapper.framework</string>
			<key>name</key>
			<string>SystemConfiguration.framework</string>
			<key>path</key>
			<string>System/Library/Frameworks/SystemConfiguration.framework</string>
			<key>sourceTree</key>
			<string>SDKROOT</string>
		</dict>
		<key>534D27580FAFC9626855124A</key>
		<dict>
			<key>fileEncoding</key>
			<string>4</string>
			<key>isa</key>
			<string>PBXFileReference</string>
			<key>lastKnownFileType</key>
			<string>wrapper.framework</string>
			<key>name</key>
			<string>AudioToolbox.framework</string>
			<key>path</key>
			<string>System/Library/Frameworks/AudioToolbox.framework</string>
			<key>sourceTree</key>
			<string>SDKROOT</string>
		</dict>
		<key>559CD7DC5F1CD4875F6836DC</key>
		<dict>
			<key>fileEncoding</key>
			<string>4</string>
			<key>isa</key>
			<string>PBXFileReference</string>
			<key>lastKnownFileType</key>
			<string>wrapper.framework</string>
			<key>name</key>
			<string>MobileCoreServices.framework</string>
			<key>path</key>
			<string>System/Library/Frameworks/MobileCoreServices.framework</string>
			<key>sourceTree</key>
			<string>SDKROOT</string>
		</dict>
		<key>59D0D62B0BD06E6CBF44F112</key>
		<dict>
			<key>fileRef</key>
			<string>B1F1D2A685258068CF7F1AD2</string>
			<key>isa</key>
			<string>PBXBuildFile</string>
		</dict>
		<key>6CBA5D4AAF9BD510F4C2161C</key>
		<dict>
			<key>fileRef</key>
			<string>534D27580FAFC9626855124A</string>
			<key>isa</key>
			<string>PBXBuildFile</string>
		</dict>
		<key>7E4E77177E5220B02ADD8455</key>
		<dict>
			<key>fileEncoding</key>
			<string>4</string>
			<key>isa</key>
			<string>PBXFileReference</string>
			<key>lastKnownFileType</key>
			<string>wrapper.framework</string>
			<key>name</key>
			<string>QuartzCore.framework</string>
			<key>path</key>
			<string>System/Library/Frameworks/QuartzCore.framework</string>
			<key>sourceTree</key>
			<string>SDKROOT</string>
		</dict>
		<key>8FE7FFF56A91C3777F3F7789</key>
		<dict>
			<key>fileRef</key>
			<string>4558AAD6AD9C36A31B037CE2</string>
			<key>isa</key>
			<string>PBXBuildFile</string>
		</dict>
		<key>944F4090ECB3CBF94F6F06BA</key>
		<dict>
			<key>fileEncoding</key>
			<string>4</string>
			<key>isa</key>
			<string>PBXFileReference</string>
			<key>lastKnownFileType</key>
			<string>archive.ar</string>
			<key>name</key>
			<string>libc++.tbd</string>
			<key>path</key>
			<string>usr/lib/libc++.tbd</string>
			<key>sourceTree</key>
			<string>SDKROOT</string>
		</dict>
		<key>ABD8CC8644F67263B7AB2679</key>
		<dict>
			<key>fileEncoding</key>
			<string>4</string>
			<key>isa</key>
			<string>PBXFileReference</string>
			<key>lastKnownFileType</key>
			<string>wrapper.framework</string>
			<key>name</key>
			<string>CFNetWork.framework</string>
			<key>path</key>
			<string>System/Library/Frameworks/CFNetWork.framework</string>
			<key>sourceTree</key>
			<string>SDKROOT</string>
		</dict>
		<key>ADE908EC12D42E9F3CD19D20</key>
		<dict>
			<key>fileEncoding</key>
			<string>4</string>
			<key>isa</key>
			<string>PBXFileReference</string>
			<key>lastKnownFileType</key>
			<string>archive.ar</string>
			<key>name</key>
			<string>libz.tbd</string>
			<key>path</key>
			<string>usr/lib/libz.tbd</string>
			<key>sourceTree</key>
			<string>SDKROOT</string>
		</dict>
		<key>B1F1D2A685258068CF7F1AD2</key>
		<dict>
			<key>fileEncoding</key>
			<string>4</string>
			<key>isa</key>
			<string>PBXFileReference</string>
			<key>lastKnownFileType</key>
			<string>wrapper.framework</string>
			<key>name</key>
			<string>MapKit.framework</string>
			<key>path</key>
			<string>System/Library/Frameworks/MapKit.framework</string>
			<key>sourceTree</key>
			<string>SDKROOT</string>
		</dict>
		<key>B71F2D7129339C689430F7E9</key>
		<dict>
			<key>fileRef</key>
			<string>ABD8CC8644F67263B7AB2679</string>
			<key>isa</key>
			<string>PBXBuildFile</string>
		</dict>
		<key>BEE360A7BA09616D70480DD4</key>
		<dict>
			<key>fileRef</key>
			<string>944F4090ECB3CBF94F6F06BA</string>
			<key>isa</key>
			<string>PBXBuildFile</string>
		</dict>
		<key>D50FB52D2C6211BDFC7BC2F1</key>
		<dict>
			<key>fileEncoding</key>
			<string>4</string>
			<key>isa</key>
			<string>PBXFileReference</string>
			<key>lastKnownFileType</key>
			<string>wrapper.framework</string>
			<key>name</key>
			<string>ImageIO.framework</string>
			<key>path</key>
			<string>System/Library/Frameworks/ImageIO.framework</string>
			<key>sourceTree</key>
			<string>SDKROOT</string>
		</dict>
		<key>D9679F64A4C6D06425C7BF19</key>
		<dict>
			<key>children</key>
			<array>
				<string>B1F1D2A685258068CF7F1AD2</string>
				<string>534D27580FAFC9626855124A</string>
				<string>4558AAD6AD9C36A31B037CE2</string>
				<string>D50FB52D2C6211BDFC7BC2F1</string>
				<string>ABD8CC8644F67263B7AB2679</string>
				<string>559CD7DC5F1CD4875F6836DC</string>
				<string>285BE886C1E3DA65D009927F</string>
				<string>09BBDBCD3BD4ACFA795F41E3</string>
				<string>7E4E77177E5220B02ADD8455</string>
				<string>944F4090ECB3CBF94F6F06BA</string>
				<string>FB27CEEE282B1FDF4082B09A</string>
				<string>17DBAF40062F2AB3366A493B</string>
				<string>ADE908EC12D42E9F3CD19D20</string>
			</array>
			<key>isa</key>
			<string>PBXGroup</string>
			<key>path</key>
			<string>IDE-Frameworks</string>
			<key>sourceTree</key>
			<string>&lt;group&gt;</string>
		</dict>
		<key>DA8D78DFADA1CE6AE21E5D11</key>
		<dict>
			<key>fileRef</key>
			<string>7E4E77177E5220B02ADD8455</string>
			<key>isa</key>
			<string>PBXBuildFile</string>
		</dict>
		<key>E66DA44E7002F0E2E96396D4</key>
		<dict>
			<key>fileRef</key>
			<string>17DBAF40062F2AB3366A493B</string>
			<key>isa</key>
			<string>PBXBuildFile</string>
		</dict>
		<key>EA68189CDD1807D07BF8024C</key>
		<dict>
			<key>fileEncoding</key>
			<string>4</string>
			<key>isa</key>
			<string>PBXFileReference</string>
			<key>lastKnownFileType</key>
			<string>text.plist.strings</string>
			<key>name</key>
			<string>info.plist</string>
			<key>path</key>
			<string>../../../AppCanPluginTools-iOS/resource/IDEPluginProjectPackageResource/info.plist</string>
			<key>sourceTree</key>
			<string>&lt;group&gt;</string>
		</dict>
		<key>F7D298001A68F0FD004DF18C</key>
		<dict>
			<key>children</key>
			<array>
				<string>F7D298011A68F0FD004DF18C</string>
				<string>F7D298021A68F0FD004DF18C</string>
				<string>F7D298031A68F0FD004DF18C</string>
				<string>F7D298041A68F0FD004DF18C</string>
				<string>F7D298051A68F0FD004DF18C</string>
				<string>F7D298061A68F0FD004DF18C</string>
				<string>F7D298071A68F0FD004DF18C</string>
			</array>
			<key>isa</key>
			<string>PBXGroup</string>
			<key>path</key>
			<string>JSON</string>
			<key>sourceTree</key>
			<string>&lt;group&gt;</string>
		</dict>
		<key>F7D298011A68F0FD004DF18C</key>
		<dict>
			<key>fileEncoding</key>
			<string>4</string>
			<key>isa</key>
			<string>PBXFileReference</string>
			<key>lastKnownFileType</key>
			<string>sourcecode.c.h</string>
			<key>path</key>
			<string>JSON.h</string>
			<key>sourceTree</key>
			<string>&lt;group&gt;</string>
		</dict>
		<key>F7D298021A68F0FD004DF18C</key>
		<dict>
			<key>fileEncoding</key>
			<string>4</string>
			<key>isa</key>
			<string>PBXFileReference</string>
			<key>lastKnownFileType</key>
			<string>sourcecode.c.h</string>
			<key>path</key>
			<string>NSObject+SBJSON.h</string>
			<key>sourceTree</key>
			<string>&lt;group&gt;</string>
		</dict>
		<key>F7D298031A68F0FD004DF18C</key>
		<dict>
			<key>fileEncoding</key>
			<string>4</string>
			<key>isa</key>
			<string>PBXFileReference</string>
			<key>lastKnownFileType</key>
			<string>sourcecode.c.h</string>
			<key>path</key>
			<string>NSString+SBJSON.h</string>
			<key>sourceTree</key>
			<string>&lt;group&gt;</string>
		</dict>
		<key>F7D298041A68F0FD004DF18C</key>
		<dict>
			<key>fileEncoding</key>
			<string>4</string>
			<key>isa</key>
			<string>PBXFileReference</string>
			<key>lastKnownFileType</key>
			<string>sourcecode.c.h</string>
			<key>path</key>
			<string>SBJSON.h</string>
			<key>sourceTree</key>
			<string>&lt;group&gt;</string>
		</dict>
		<key>F7D298051A68F0FD004DF18C</key>
		<dict>
			<key>fileEncoding</key>
			<string>4</string>
			<key>isa</key>
			<string>PBXFileReference</string>
			<key>lastKnownFileType</key>
			<string>sourcecode.c.h</string>
			<key>path</key>
			<string>SBJsonBase.h</string>
			<key>sourceTree</key>
			<string>&lt;group&gt;</string>
		</dict>
		<key>F7D298061A68F0FD004DF18C</key>
		<dict>
			<key>fileEncoding</key>
			<string>4</string>
			<key>isa</key>
			<string>PBXFileReference</string>
			<key>lastKnownFileType</key>
			<string>sourcecode.c.h</string>
			<key>path</key>
			<string>SBJsonParser.h</string>
			<key>sourceTree</key>
			<string>&lt;group&gt;</string>
		</dict>
		<key>F7D298071A68F0FD004DF18C</key>
		<dict>
			<key>fileEncoding</key>
			<string>4</string>
			<key>isa</key>
			<string>PBXFileReference</string>
			<key>lastKnownFileType</key>
			<string>sourcecode.c.h</string>
			<key>path</key>
			<string>SBJsonWriter.h</string>
			<key>sourceTree</key>
			<string>&lt;group&gt;</string>
		</dict>
		<key>FB27CEEE282B1FDF4082B09A</key>
		<dict>
			<key>fileEncoding</key>
			<string>4</string>
			<key>isa</key>
			<string>PBXFileReference</string>
			<key>lastKnownFileType</key>
			<string>archive.ar</string>
			<key>name</key>
			<string>libstdc++.tbd</string>
			<key>path</key>
			<string>usr/lib/libstdc++.tbd</string>
			<key>sourceTree</key>
			<string>SDKROOT</string>
		</dict>
		<key>FEE0FFBD2572C7ACAF27E993</key>
		<dict>
			<key>fileRef</key>
			<string>1BB24C3E6560B019FA6100ED</string>
			<key>isa</key>
			<string>PBXBuildFile</string>
		</dict>
	</dict>
	<key>rootObject</key>
	<string>03442C2B18B2317800CEC18D</string>
</dict>
</plist>
