// !$*UTF8*$!
{
	archiveVersion = 1;
	classes = {
	};
	objectVersion = 46;
	objects = {

/* Begin PBXBuildFile section */
		00D87B60D9404CEF35D0BF01 /* SystemConfiguration.framework in Frameworks */ = {isa = PBXBuildFile; fileRef = 08F352E908355637868F5129 /* SystemConfiguration.framework */; };
		03442C3718B2317900CEC18D /* Foundation.framework in Frameworks */ = {isa = PBXBuildFile; fileRef = 03442C3618B2317900CEC18D /* Foundation.framework */; };
		1044A26CF6F2A2B84C9F8347 /* CFNetWork.framework in Frameworks */ = {isa = PBXBuildFile; fileRef = 491C3ABEF15A1E4DE380582F /* CFNetWork.framework */; };
		1B912DDD5FFCE80A1D6B9E03 /* UIKit.framework in Frameworks */ = {isa = PBXBuildFile; fileRef = 497017A8F2BCD24D6F0CF42C /* UIKit.framework */; };
		3DFE0B79357AB1E901A8863D /* AudioToolbox.framework in Frameworks */ = {isa = PBXBuildFile; fileRef = 2B0E6D45E6EE1D2F10E74832 /* AudioToolbox.framework */; };
		4229D9951D06A7AB003F7E51 /* AFNetworking.framework in Resources */ = {isa = PBXBuildFile; fileRef = 42C9A70F1CD879160013035B /* AFNetworking.framework */; };
		424577F91D06738C00FC8A6F /* AppCanKit.framework in Frameworks */ = {isa = PBXBuildFile; fileRef = 424577F81D06738C00FC8A6F /* AppCanKit.framework */; };
		42C9A7101CD879160013035B /* AFNetworking.framework in Frameworks */ = {isa = PBXBuildFile; fileRef = 42C9A70F1CD879160013035B /* AFNetworking.framework */; };
		42C9A7151CD88D5D0013035B /* EUExUploaderMgr.m in Sources */ = {isa = PBXBuildFile; fileRef = 42C9A7141CD88D5D0013035B /* EUExUploaderMgr.m */; };
		42C9A7181CD88D9A0013035B /* uexUploader.m in Sources */ = {isa = PBXBuildFile; fileRef = 42C9A7171CD88D9A0013035B /* uexUploader.m */; };
		42CAC7E21CE4578D009A4AB5 /* uexUploadHelper.m in Sources */ = {isa = PBXBuildFile; fileRef = 42CAC7E11CE4578D009A4AB5 /* uexUploadHelper.m */; };
		42CAC7E61CE463A7009A4AB5 /* uexUploadFile.m in Sources */ = {isa = PBXBuildFile; fileRef = 42CAC7E51CE463A7009A4AB5 /* uexUploadFile.m */; };
		42CAC7F71CE571BC009A4AB5 /* uexUploadInfo.m in Sources */ = {isa = PBXBuildFile; fileRef = 42CAC7F61CE571BC009A4AB5 /* uexUploadInfo.m */; };
		42CAC7FC1CE57EA8009A4AB5 /* uexBackgroundUploader.m in Sources */ = {isa = PBXBuildFile; fileRef = 42CAC7FB1CE57EA8009A4AB5 /* uexBackgroundUploader.m */; };
		42CAC8051CE5DCCE009A4AB5 /* uexGlobalUploaderManager.m in Sources */ = {isa = PBXBuildFile; fileRef = 42CAC8041CE5DCCE009A4AB5 /* uexGlobalUploaderManager.m */; };
		53FB55D981F2E357FD229FFA /* libsqlite3.tbd in Frameworks */ = {isa = PBXBuildFile; fileRef = E7E5292C228769AFF4EE73F4 /* libsqlite3.tbd */; };
		63A8D1742B86ABEA174A3939 /* ImageIO.framework in Frameworks */ = {isa = PBXBuildFile; fileRef = 4D7117EDD04C625B139B51DC /* ImageIO.framework */; };
		81193FAB706ACA16BA0790EC /* libc++.tbd in Frameworks */ = {isa = PBXBuildFile; fileRef = D8E8183A0BFCC19062CE4FBD /* libc++.tbd */; };
		C66505AD55CDFD965DF0DA8C /* CoreGraphics.framework in Frameworks */ = {isa = PBXBuildFile; fileRef = 1A93724A792F00DD5828501B /* CoreGraphics.framework */; };
		DDCC09A4342DD688FD165764 /* QuartzCore.framework in Frameworks */ = {isa = PBXBuildFile; fileRef = 581A0E4A7D33223035A02841 /* QuartzCore.framework */; };
		E0C3DC232A6D80313DB7E50A /* AppCanEngine.framework in Frameworks */ = {isa = PBXBuildFile; fileRef = CEE8B481DE5C7A8512AE8D15 /* AppCanEngine.framework */; };
		E967AB794FB8F55444E4C9A5 /* libstdc++.tbd in Frameworks */ = {isa = PBXBuildFile; fileRef = C84AF715EFC3955E7BF0EA36 /* libstdc++.tbd */; };
		EF05D26ECDB0D80ECC05FBEA /* MobileCoreServices.framework in Frameworks */ = {isa = PBXBuildFile; fileRef = 8E72241D91070302BB4E390D /* MobileCoreServices.framework */; };
		F961478A05DD98B1606EEFC9 /* libz.tbd in Frameworks */ = {isa = PBXBuildFile; fileRef = F10E34F1511D55ECBF176519 /* libz.tbd */; };
		FF12EA4445C2AF77CBD9544B /* MapKit.framework in Frameworks */ = {isa = PBXBuildFile; fileRef = 081854FBBDA8151CF4AC6AB7 /* MapKit.framework */; };
/* End PBXBuildFile section */

/* Begin PBXFileReference section */
		03442C3318B2317900CEC18D /* uexUploaderMgr.framework */ = {isa = PBXFileReference; explicitFileType = archive.ar; includeInIndex = 0; path = uexUploaderMgr.framework; sourceTree = BUILT_PRODUCTS_DIR; };
		03442C3618B2317900CEC18D /* Foundation.framework */ = {isa = PBXFileReference; lastKnownFileType = wrapper.framework; name = Foundation.framework; path = System/Library/Frameworks/Foundation.framework; sourceTree = SDKROOT; };
		03442C3A18B2317900CEC18D /* EUExUploaderMgr-Prefix.pch */ = {isa = PBXFileReference; lastKnownFileType = sourcecode.c.h; path = "EUExUploaderMgr-Prefix.pch"; sourceTree = "<group>"; };
		081854FBBDA8151CF4AC6AB7 /* MapKit.framework */ = {isa = PBXFileReference; fileEncoding = 4; lastKnownFileType = wrapper.framework; name = MapKit.framework; path = System/Library/Frameworks/MapKit.framework; sourceTree = SDKROOT; };
		08F352E908355637868F5129 /* SystemConfiguration.framework */ = {isa = PBXFileReference; fileEncoding = 4; lastKnownFileType = wrapper.framework; name = SystemConfiguration.framework; path = System/Library/Frameworks/SystemConfiguration.framework; sourceTree = SDKROOT; };
		1A93724A792F00DD5828501B /* CoreGraphics.framework */ = {isa = PBXFileReference; fileEncoding = 4; lastKnownFileType = wrapper.framework; name = CoreGraphics.framework; path = System/Library/Frameworks/CoreGraphics.framework; sourceTree = SDKROOT; };
		2B0E6D45E6EE1D2F10E74832 /* AudioToolbox.framework */ = {isa = PBXFileReference; fileEncoding = 4; lastKnownFileType = wrapper.framework; name = AudioToolbox.framework; path = System/Library/Frameworks/AudioToolbox.framework; sourceTree = SDKROOT; };
		3F9BD68FBC65E0A9517DC402 /* info.plist */ = {isa = PBXFileReference; fileEncoding = 4; lastKnownFileType = text.plist.strings; name = info.plist; path = "../../../AppCanPluginTools-iOS/resource/IDEPluginProjectPackageResource/info.plist"; sourceTree = "<group>"; };
		424577F81D06738C00FC8A6F /* AppCanKit.framework */ = {isa = PBXFileReference; lastKnownFileType = wrapper.framework; path = AppCanKit.framework; sourceTree = "<group>"; };
		42C9A70F1CD879160013035B /* AFNetworking.framework */ = {isa = PBXFileReference; lastKnownFileType = wrapper.framework; path = AFNetworking.framework; sourceTree = "<group>"; };
		42C9A7131CD88D5D0013035B /* EUExUploaderMgr.h */ = {isa = PBXFileReference; fileEncoding = 4; lastKnownFileType = sourcecode.c.h; path = EUExUploaderMgr.h; sourceTree = "<group>"; };
		42C9A7141CD88D5D0013035B /* EUExUploaderMgr.m */ = {isa = PBXFileReference; fileEncoding = 4; lastKnownFileType = sourcecode.c.objc; path = EUExUploaderMgr.m; sourceTree = "<group>"; };
		42C9A7161CD88D9A0013035B /* uexUploader.h */ = {isa = PBXFileReference; fileEncoding = 4; lastKnownFileType = sourcecode.c.h; path = uexUploader.h; sourceTree = "<group>"; };
		42C9A7171CD88D9A0013035B /* uexUploader.m */ = {isa = PBXFileReference; fileEncoding = 4; lastKnownFileType = sourcecode.c.objc; path = uexUploader.m; sourceTree = "<group>"; };
		42CAC7E01CE4578D009A4AB5 /* uexUploadHelper.h */ = {isa = PBXFileReference; fileEncoding = 4; lastKnownFileType = sourcecode.c.h; path = uexUploadHelper.h; sourceTree = "<group>"; };
		42CAC7E11CE4578D009A4AB5 /* uexUploadHelper.m */ = {isa = PBXFileReference; fileEncoding = 4; lastKnownFileType = sourcecode.c.objc; path = uexUploadHelper.m; sourceTree = "<group>"; };
		42CAC7E41CE463A7009A4AB5 /* uexUploadFile.h */ = {isa = PBXFileReference; fileEncoding = 4; lastKnownFileType = sourcecode.c.h; path = uexUploadFile.h; sourceTree = "<group>"; };
		42CAC7E51CE463A7009A4AB5 /* uexUploadFile.m */ = {isa = PBXFileReference; fileEncoding = 4; lastKnownFileType = sourcecode.c.objc; path = uexUploadFile.m; sourceTree = "<group>"; };
		42CAC7F51CE571BC009A4AB5 /* uexUploadInfo.h */ = {isa = PBXFileReference; fileEncoding = 4; lastKnownFileType = sourcecode.c.h; path = uexUploadInfo.h; sourceTree = "<group>"; };
		42CAC7F61CE571BC009A4AB5 /* uexUploadInfo.m */ = {isa = PBXFileReference; fileEncoding = 4; lastKnownFileType = sourcecode.c.objc; path = uexUploadInfo.m; sourceTree = "<group>"; };
		42CAC7FA1CE57EA8009A4AB5 /* uexBackgroundUploader.h */ = {isa = PBXFileReference; fileEncoding = 4; lastKnownFileType = sourcecode.c.h; path = uexBackgroundUploader.h; sourceTree = "<group>"; };
		42CAC7FB1CE57EA8009A4AB5 /* uexBackgroundUploader.m */ = {isa = PBXFileReference; fileEncoding = 4; lastKnownFileType = sourcecode.c.objc; path = uexBackgroundUploader.m; sourceTree = "<group>"; };
		42CAC8031CE5DCCE009A4AB5 /* uexGlobalUploaderManager.h */ = {isa = PBXFileReference; fileEncoding = 4; lastKnownFileType = sourcecode.c.h; path = uexGlobalUploaderManager.h; sourceTree = "<group>"; };
		42CAC8041CE5DCCE009A4AB5 /* uexGlobalUploaderManager.m */ = {isa = PBXFileReference; fileEncoding = 4; lastKnownFileType = sourcecode.c.objc; path = uexGlobalUploaderManager.m; sourceTree = "<group>"; };
		491C3ABEF15A1E4DE380582F /* CFNetWork.framework */ = {isa = PBXFileReference; fileEncoding = 4; lastKnownFileType = wrapper.framework; name = CFNetWork.framework; path = System/Library/Frameworks/CFNetWork.framework; sourceTree = SDKROOT; };
		497017A8F2BCD24D6F0CF42C /* UIKit.framework */ = {isa = PBXFileReference; fileEncoding = 4; lastKnownFileType = wrapper.framework; name = UIKit.framework; path = System/Library/Frameworks/UIKit.framework; sourceTree = SDKROOT; };
		4D7117EDD04C625B139B51DC /* ImageIO.framework */ = {isa = PBXFileReference; fileEncoding = 4; lastKnownFileType = wrapper.framework; name = ImageIO.framework; path = System/Library/Frameworks/ImageIO.framework; sourceTree = SDKROOT; };
		581A0E4A7D33223035A02841 /* QuartzCore.framework */ = {isa = PBXFileReference; fileEncoding = 4; lastKnownFileType = wrapper.framework; name = QuartzCore.framework; path = System/Library/Frameworks/QuartzCore.framework; sourceTree = SDKROOT; };
		8E72241D91070302BB4E390D /* MobileCoreServices.framework */ = {isa = PBXFileReference; fileEncoding = 4; lastKnownFileType = wrapper.framework; name = MobileCoreServices.framework; path = System/Library/Frameworks/MobileCoreServices.framework; sourceTree = SDKROOT; };
		C84AF715EFC3955E7BF0EA36 /* libstdc++.tbd */ = {isa = PBXFileReference; fileEncoding = 4; lastKnownFileType = archive.ar; name = "libstdc++.tbd"; path = "usr/lib/libstdc++.tbd"; sourceTree = SDKROOT; };
		CEE8B481DE5C7A8512AE8D15 /* AppCanEngine.framework */ = {isa = PBXFileReference; fileEncoding = 4; lastKnownFileType = wrapper.framework; name = AppCanEngine.framework; path = "../../../AppCanPluginTools-iOS/resource/IDEPluginProjectPackageResource/AppCanEngine.framework"; sourceTree = "<group>"; };
		D8E8183A0BFCC19062CE4FBD /* libc++.tbd */ = {isa = PBXFileReference; fileEncoding = 4; lastKnownFileType = archive.ar; name = "libc++.tbd"; path = "usr/lib/libc++.tbd"; sourceTree = SDKROOT; };
		E7E5292C228769AFF4EE73F4 /* libsqlite3.tbd */ = {isa = PBXFileReference; fileEncoding = 4; lastKnownFileType = archive.ar; name = libsqlite3.tbd; path = usr/lib/libsqlite3.tbd; sourceTree = SDKROOT; };
		F10E34F1511D55ECBF176519 /* libz.tbd */ = {isa = PBXFileReference; fileEncoding = 4; lastKnownFileType = archive.ar; name = libz.tbd; path = usr/lib/libz.tbd; sourceTree = SDKROOT; };
		F7D298011A68F0FD004DF18C /* JSON.h */ = {isa = PBXFileReference; fileEncoding = 4; lastKnownFileType = sourcecode.c.h; path = JSON.h; sourceTree = "<group>"; };
		F7D298021A68F0FD004DF18C /* NSObject+SBJSON.h */ = {isa = PBXFileReference; fileEncoding = 4; lastKnownFileType = sourcecode.c.h; path = "NSObject+SBJSON.h"; sourceTree = "<group>"; };
		F7D298031A68F0FD004DF18C /* NSString+SBJSON.h */ = {isa = PBXFileReference; fileEncoding = 4; lastKnownFileType = sourcecode.c.h; path = "NSString+SBJSON.h"; sourceTree = "<group>"; };
		F7D298041A68F0FD004DF18C /* SBJSON.h */ = {isa = PBXFileReference; fileEncoding = 4; lastKnownFileType = sourcecode.c.h; path = SBJSON.h; sourceTree = "<group>"; };
		F7D298051A68F0FD004DF18C /* SBJsonBase.h */ = {isa = PBXFileReference; fileEncoding = 4; lastKnownFileType = sourcecode.c.h; path = SBJsonBase.h; sourceTree = "<group>"; };
		F7D298061A68F0FD004DF18C /* SBJsonParser.h */ = {isa = PBXFileReference; fileEncoding = 4; lastKnownFileType = sourcecode.c.h; path = SBJsonParser.h; sourceTree = "<group>"; };
		F7D298071A68F0FD004DF18C /* SBJsonWriter.h */ = {isa = PBXFileReference; fileEncoding = 4; lastKnownFileType = sourcecode.c.h; path = SBJsonWriter.h; sourceTree = "<group>"; };
/* End PBXFileReference section */

/* Begin PBXFrameworksBuildPhase section */
		03442C3018B2317900CEC18D /* Frameworks */ = {
			isa = PBXFrameworksBuildPhase;
			buildActionMask = 2147483647;
			files = (
				03442C3718B2317900CEC18D /* Foundation.framework in Frameworks */,
				424577F91D06738C00FC8A6F /* AppCanKit.framework in Frameworks */,
				42C9A7101CD879160013035B /* AFNetworking.framework in Frameworks */,
				FF12EA4445C2AF77CBD9544B /* MapKit.framework in Frameworks */,
				3DFE0B79357AB1E901A8863D /* AudioToolbox.framework in Frameworks */,
				00D87B60D9404CEF35D0BF01 /* SystemConfiguration.framework in Frameworks */,
				63A8D1742B86ABEA174A3939 /* ImageIO.framework in Frameworks */,
				1044A26CF6F2A2B84C9F8347 /* CFNetWork.framework in Frameworks */,
				EF05D26ECDB0D80ECC05FBEA /* MobileCoreServices.framework in Frameworks */,
				1B912DDD5FFCE80A1D6B9E03 /* UIKit.framework in Frameworks */,
				C66505AD55CDFD965DF0DA8C /* CoreGraphics.framework in Frameworks */,
				DDCC09A4342DD688FD165764 /* QuartzCore.framework in Frameworks */,
				81193FAB706ACA16BA0790EC /* libc++.tbd in Frameworks */,
				E967AB794FB8F55444E4C9A5 /* libstdc++.tbd in Frameworks */,
				53FB55D981F2E357FD229FFA /* libsqlite3.tbd in Frameworks */,
				F961478A05DD98B1606EEFC9 /* libz.tbd in Frameworks */,
				E0C3DC232A6D80313DB7E50A /* AppCanEngine.framework in Frameworks */,
			);
			runOnlyForDeploymentPostprocessing = 0;
		};
/* End PBXFrameworksBuildPhase section */

/* Begin PBXGroup section */
		03442C2A18B2317800CEC18D = {
			isa = PBXGroup;
			children = (
				03442C3818B2317900CEC18D /* EUExUploaderMgr */,
				03442C3518B2317900CEC18D /* Frameworks */,
				03442C3418B2317900CEC18D /* Products */,
				F0E50AC181290B029C26DD72 /* IDE-Frameworks */,
				C2319CE3AFBE9063E956DC74 /* AppCanEngine */,
			);
			sourceTree = "<group>";
		};
		03442C3418B2317900CEC18D /* Products */ = {
			isa = PBXGroup;
			children = (
				03442C3318B2317900CEC18D /* uexUploaderMgr.framework */,
			);
			name = Products;
			sourceTree = "<group>";
		};
		03442C3518B2317900CEC18D /* Frameworks */ = {
			isa = PBXGroup;
			children = (
				03442C3618B2317900CEC18D /* Foundation.framework */,
			);
			name = Frameworks;
			sourceTree = "<group>";
		};
		03442C3818B2317900CEC18D /* EUExUploaderMgr */ = {
			isa = PBXGroup;
			children = (
				424577F81D06738C00FC8A6F /* AppCanKit.framework */,
				03442C6218B2326A00CEC18D /* sourceCode */,
				03442C3918B2317900CEC18D /* Supporting Files */,
				42C9A7131CD88D5D0013035B /* EUExUploaderMgr.h */,
				42C9A7141CD88D5D0013035B /* EUExUploaderMgr.m */,
			);
			path = EUExUploaderMgr;
			sourceTree = "<group>";
		};
		03442C3918B2317900CEC18D /* Supporting Files */ = {
			isa = PBXGroup;
			children = (
				03442C3A18B2317900CEC18D /* EUExUploaderMgr-Prefix.pch */,
			);
			name = "Supporting Files";
			sourceTree = "<group>";
		};
		03442C6218B2326A00CEC18D /* sourceCode */ = {
			isa = PBXGroup;
			children = (
				42C9A70F1CD879160013035B /* AFNetworking.framework */,
				F7D298001A68F0FD004DF18C /* JSON */,
				42C9A7161CD88D9A0013035B /* uexUploader.h */,
				42C9A7171CD88D9A0013035B /* uexUploader.m */,
				42CAC7FA1CE57EA8009A4AB5 /* uexBackgroundUploader.h */,
				42CAC7FB1CE57EA8009A4AB5 /* uexBackgroundUploader.m */,
				42CAC8031CE5DCCE009A4AB5 /* uexGlobalUploaderManager.h */,
				42CAC8041CE5DCCE009A4AB5 /* uexGlobalUploaderManager.m */,
				42CAC7E41CE463A7009A4AB5 /* uexUploadFile.h */,
				42CAC7E51CE463A7009A4AB5 /* uexUploadFile.m */,
				42CAC7E01CE4578D009A4AB5 /* uexUploadHelper.h */,
				42CAC7E11CE4578D009A4AB5 /* uexUploadHelper.m */,
				42CAC7F51CE571BC009A4AB5 /* uexUploadInfo.h */,
				42CAC7F61CE571BC009A4AB5 /* uexUploadInfo.m */,
			);
			path = sourceCode;
			sourceTree = "<group>";
		};
		C2319CE3AFBE9063E956DC74 /* AppCanEngine */ = {
			isa = PBXGroup;
			children = (
				CEE8B481DE5C7A8512AE8D15 /* AppCanEngine.framework */,
				3F9BD68FBC65E0A9517DC402 /* info.plist */,
			);
			path = AppCanEngine;
			sourceTree = "<group>";
		};
		F0E50AC181290B029C26DD72 /* IDE-Frameworks */ = {
			isa = PBXGroup;
			children = (
				081854FBBDA8151CF4AC6AB7 /* MapKit.framework */,
				2B0E6D45E6EE1D2F10E74832 /* AudioToolbox.framework */,
				08F352E908355637868F5129 /* SystemConfiguration.framework */,
				4D7117EDD04C625B139B51DC /* ImageIO.framework */,
				491C3ABEF15A1E4DE380582F /* CFNetWork.framework */,
				8E72241D91070302BB4E390D /* MobileCoreServices.framework */,
				497017A8F2BCD24D6F0CF42C /* UIKit.framework */,
				1A93724A792F00DD5828501B /* CoreGraphics.framework */,
				581A0E4A7D33223035A02841 /* QuartzCore.framework */,
				D8E8183A0BFCC19062CE4FBD /* libc++.tbd */,
				C84AF715EFC3955E7BF0EA36 /* libstdc++.tbd */,
				E7E5292C228769AFF4EE73F4 /* libsqlite3.tbd */,
				F10E34F1511D55ECBF176519 /* libz.tbd */,
			);
			path = "IDE-Frameworks";
			sourceTree = "<group>";
		};
		F7D298001A68F0FD004DF18C /* JSON */ = {
			isa = PBXGroup;
			children = (
				F7D298011A68F0FD004DF18C /* JSON.h */,
				F7D298021A68F0FD004DF18C /* NSObject+SBJSON.h */,
				F7D298031A68F0FD004DF18C /* NSString+SBJSON.h */,
				F7D298041A68F0FD004DF18C /* SBJSON.h */,
				F7D298051A68F0FD004DF18C /* SBJsonBase.h */,
				F7D298061A68F0FD004DF18C /* SBJsonParser.h */,
				F7D298071A68F0FD004DF18C /* SBJsonWriter.h */,
			);
			path = JSON;
			sourceTree = "<group>";
		};
/* End PBXGroup section */

/* Begin PBXNativeTarget section */
		03442C3218B2317900CEC18D /* EUExUploaderMgr */ = {
			isa = PBXNativeTarget;
			buildConfigurationList = 03442C5618B2317900CEC18D /* Build configuration list for PBXNativeTarget "EUExUploaderMgr" */;
			buildPhases = (
				03442C2F18B2317900CEC18D /* Sources */,
				03442C3018B2317900CEC18D /* Frameworks */,
				4229D9941D06A7A7003F7E51 /* Resources */,
			);
			buildRules = (
			);
			dependencies = (
			);
			name = EUExUploaderMgr;
			productName = EUExUploaderMgr;
			productReference = 03442C3318B2317900CEC18D /* uexUploaderMgr.framework */;
			productType = "com.apple.product-type.framework";
		};
/* End PBXNativeTarget section */

/* Begin PBXProject section */
		03442C2B18B2317800CEC18D /* Project object */ = {
			isa = PBXProject;
			attributes = {
				LastUpgradeCheck = 0500;
				ORGANIZATIONNAME = zhengcuan;
			};
			buildConfigurationList = 03442C2E18B2317800CEC18D /* Build configuration list for PBXProject "EUExUploaderMgrIDE" */;
			compatibilityVersion = "Xcode 3.2";
			developmentRegion = English;
			hasScannedForEncodings = 0;
			knownRegions = (
				en,
			);
			mainGroup = 03442C2A18B2317800CEC18D;
			productRefGroup = 03442C3418B2317900CEC18D /* Products */;
			projectDirPath = "";
			projectRoot = "";
			targets = (
				03442C3218B2317900CEC18D /* EUExUploaderMgr */,
			);
		};
/* End PBXProject section */

/* Begin PBXResourcesBuildPhase section */
		4229D9941D06A7A7003F7E51 /* Resources */ = {
			isa = PBXResourcesBuildPhase;
			buildActionMask = 2147483647;
			files = (
				4229D9951D06A7AB003F7E51 /* AFNetworking.framework in Resources */,
			);
			runOnlyForDeploymentPostprocessing = 0;
		};
/* End PBXResourcesBuildPhase section */

/* Begin PBXSourcesBuildPhase section */
		03442C2F18B2317900CEC18D /* Sources */ = {
			isa = PBXSourcesBuildPhase;
			buildActionMask = 2147483647;
			files = (
				42CAC7FC1CE57EA8009A4AB5 /* uexBackgroundUploader.m in Sources */,
				42CAC7E61CE463A7009A4AB5 /* uexUploadFile.m in Sources */,
				42C9A7181CD88D9A0013035B /* uexUploader.m in Sources */,
				42CAC7E21CE4578D009A4AB5 /* uexUploadHelper.m in Sources */,
				42CAC8051CE5DCCE009A4AB5 /* uexGlobalUploaderManager.m in Sources */,
				42CAC7F71CE571BC009A4AB5 /* uexUploadInfo.m in Sources */,
				42C9A7151CD88D5D0013035B /* EUExUploaderMgr.m in Sources */,
			);
			runOnlyForDeploymentPostprocessing = 0;
		};
/* End PBXSourcesBuildPhase section */

/* Begin XCBuildConfiguration section */
		03442C5418B2317900CEC18D /* Debug */ = {
			isa = XCBuildConfiguration;
			buildSettings = {
				ALWAYS_SEARCH_USER_PATHS = NO;
				ARCHS = "$(ARCHS_STANDARD_INCLUDING_64_BIT)";
				CLANG_CXX_LANGUAGE_STANDARD = "gnu++0x";
				CLANG_CXX_LIBRARY = "libc++";
				CLANG_ENABLE_MODULES = YES;
				CLANG_ENABLE_OBJC_ARC = YES;
				CLANG_WARN_BOOL_CONVERSION = YES;
				CLANG_WARN_CONSTANT_CONVERSION = YES;
				CLANG_WARN_DIRECT_OBJC_ISA_USAGE = YES_ERROR;
				CLANG_WARN_EMPTY_BODY = YES;
				CLANG_WARN_ENUM_CONVERSION = YES;
				CLANG_WARN_INT_CONVERSION = YES;
				CLANG_WARN_OBJC_ROOT_CLASS = YES_ERROR;
				CLANG_WARN__DUPLICATE_METHOD_MATCH = YES;
				COPY_PHASE_STRIP = NO;
				DEBUG_INFORMATION_FORMAT = dwarf;
				GCC_C_LANGUAGE_STANDARD = gnu99;
				GCC_DYNAMIC_NO_PIC = NO;
				GCC_OPTIMIZATION_LEVEL = 0;
				GCC_PREPROCESSOR_DEFINITIONS = (
					"DEBUG=1",
					"$(inherited)",
				);
				GCC_SYMBOLS_PRIVATE_EXTERN = NO;
				GCC_WARN_64_TO_32_BIT_CONVERSION = YES;
				GCC_WARN_ABOUT_RETURN_TYPE = YES_ERROR;
				GCC_WARN_UNDECLARED_SELECTOR = YES;
				GCC_WARN_UNINITIALIZED_AUTOS = YES;
				GCC_WARN_UNUSED_FUNCTION = YES;
				GCC_WARN_UNUSED_VARIABLE = YES;
				IPHONEOS_DEPLOYMENT_TARGET = 8.0;
				ONLY_ACTIVE_ARCH = YES;
				SDKROOT = iphoneos;
				TARGETED_DEVICE_FAMILY = "1,2";
			};
			name = Debug;
		};
		03442C5518B2317900CEC18D /* Release */ = {
			isa = XCBuildConfiguration;
			buildSettings = {
				ALWAYS_SEARCH_USER_PATHS = NO;
				ARCHS = "$(ARCHS_STANDARD_INCLUDING_64_BIT)";
				CLANG_CXX_LANGUAGE_STANDARD = "gnu++0x";
				CLANG_CXX_LIBRARY = "libc++";
				CLANG_ENABLE_MODULES = YES;
				CLANG_ENABLE_OBJC_ARC = YES;
				CLANG_WARN_BOOL_CONVERSION = YES;
				CLANG_WARN_CONSTANT_CONVERSION = YES;
				CLANG_WARN_DIRECT_OBJC_ISA_USAGE = YES_ERROR;
				CLANG_WARN_EMPTY_BODY = YES;
				CLANG_WARN_ENUM_CONVERSION = YES;
				CLANG_WARN_INT_CONVERSION = YES;
				CLANG_WARN_OBJC_ROOT_CLASS = YES_ERROR;
				CLANG_WARN__DUPLICATE_METHOD_MATCH = YES;
				COPY_PHASE_STRIP = YES;
				DEBUG_INFORMATION_FORMAT = dwarf;
				ENABLE_NS_ASSERTIONS = NO;
				GCC_C_LANGUAGE_STANDARD = gnu99;
				GCC_WARN_64_TO_32_BIT_CONVERSION = YES;
				GCC_WARN_ABOUT_RETURN_TYPE = YES_ERROR;
				GCC_WARN_UNDECLARED_SELECTOR = YES;
				GCC_WARN_UNINITIALIZED_AUTOS = YES;
				GCC_WARN_UNUSED_FUNCTION = YES;
				GCC_WARN_UNUSED_VARIABLE = YES;
				IPHONEOS_DEPLOYMENT_TARGET = 8.0;
				SDKROOT = iphoneos;
				TARGETED_DEVICE_FAMILY = "1,2";
				VALIDATE_PRODUCT = YES;
			};
			name = Release;
		};
		03442C5718B2317900CEC18D /* Debug */ = {
			isa = XCBuildConfiguration;
			buildSettings = {
				ARCHS = "$(ARCHS_STANDARD)";
				BUNDLE_IDENTIFIER = com.appcan.ide;
				CLANG_ENABLE_OBJC_ARC = YES;
				CODE_SIGN_IDENTITY = "iPhone Distribution: Hangzhou Sea King Biological Technology Co., Ltd.";
				CONFIGURATION_BUILD_DIR = "$(SRCROOT)/uexUploaderMgr/IDE/";
				DEBUG_INFORMATION_FORMAT = dwarf;
				DEFINES_MODULE = YES;
				DSTROOT = /tmp/EUExUploaderMgr.dst;
				DYLIB_COMPATIBILITY_VERSION = 1;
				DYLIB_CURRENT_VERSION = 1;
				DYLIB_INSTALL_NAME_BASE = "@rpath";
				ENABLE_BITCODE = NO;
				FRAMEWORK_SEARCH_PATHS = (
					"$(inherited)",
					"$(PROJECT_DIR)/EUExUploaderMgr/sourceCode",
					"$(PROJECT_DIR)/EUExUploaderMgr",
					"$(PROJECT_DIR)",
					"$(SRCROOT)/../../AppCanPluginTools-iOS/resource/IDEPluginProjectPackageResource",
				);
				GCC_PRECOMPILE_PREFIX_HEADER = YES;
				GCC_PREFIX_HEADER = "EUExUploaderMgr/EUExUploaderMgr-Prefix.pch";
				HEADER_SEARCH_PATHS = "$(SRCROOT)/../../AppCanPluginTools-iOS/resource/IDEPluginProjectPackageResource";
				INFOPLIST_FILE = "$(SRCROOT)/../../AppCanPluginTools-iOS/resource/IDEPluginProjectPackageResource/info.plist";
				INSTALL_PATH = "$(LOCAL_LIBRARY_DIR)/Frameworks";
				IPHONEOS_DEPLOYMENT_TARGET = 8.0;
				LD_RUNPATH_SEARCH_PATHS = "$(inherited) @executable_path/Frameworks @executable_path @loader_path/Frameworks @loader_path";
				LIBRARY_SEARCH_PATHS = (
					"$(inherited)",
					"$(SRCROOT)/../../AppCanPluginTools-iOS/resource/IDEPluginProjectPackageResource",
				);
				ONLY_ACTIVE_ARCH = NO;
				OTHER_LDFLAGS = "-ObjC";
				PRODUCT_NAME = uexUploaderMgr;
				PROVISIONING_PROFILE = "756a3ff2-be53-4d08-862a-c050d0dfa3d9";
				SKIP_INSTALL = YES;
				VALID_ARCHS = "arm64 armv7";
			};
			name = Debug;
		};
		03442C5818B2317900CEC18D /* Release */ = {
			isa = XCBuildConfiguration;
			buildSettings = {
				ARCHS = "$(ARCHS_STANDARD)";
				BUNDLE_IDENTIFIER = com.appcan.ide;
				CLANG_ENABLE_OBJC_ARC = YES;
				CODE_SIGN_IDENTITY = "iPhone Distribution: Hangzhou Sea King Biological Technology Co., Ltd.";
				CONFIGURATION_BUILD_DIR = "$(SRCROOT)/uexUploaderMgr/IDE/";
				DEBUG_INFORMATION_FORMAT = dwarf;
				DEFINES_MODULE = YES;
				DSTROOT = /tmp/EUExUploaderMgr.dst;
				DYLIB_COMPATIBILITY_VERSION = 1;
				DYLIB_CURRENT_VERSION = 1;
				DYLIB_INSTALL_NAME_BASE = "@rpath";
				ENABLE_BITCODE = NO;
				FRAMEWORK_SEARCH_PATHS = (
					"$(inherited)",
					"$(PROJECT_DIR)/EUExUploaderMgr/sourceCode",
					"$(PROJECT_DIR)/EUExUploaderMgr",
					"$(PROJECT_DIR)",
					"$(SRCROOT)/../../AppCanPluginTools-iOS/resource/IDEPluginProjectPackageResource",
				);
				GCC_PRECOMPILE_PREFIX_HEADER = YES;
				GCC_PREFIX_HEADER = "EUExUploaderMgr/EUExUploaderMgr-Prefix.pch";
				HEADER_SEARCH_PATHS = "$(SRCROOT)/../../AppCanPluginTools-iOS/resource/IDEPluginProjectPackageResource";
				INFOPLIST_FILE = "$(SRCROOT)/../../AppCanPluginTools-iOS/resource/IDEPluginProjectPackageResource/info.plist";
				INSTALL_PATH = "$(LOCAL_LIBRARY_DIR)/Frameworks";
				IPHONEOS_DEPLOYMENT_TARGET = 8.0;
				LD_RUNPATH_SEARCH_PATHS = "$(inherited) @executable_path/Frameworks @executable_path @loader_path/Frameworks @loader_path";
				LIBRARY_SEARCH_PATHS = (
					"$(inherited)",
					"$(SRCROOT)/../../AppCanPluginTools-iOS/resource/IDEPluginProjectPackageResource",
				);
				ONLY_ACTIVE_ARCH = NO;
				OTHER_LDFLAGS = "-ObjC";
				PRODUCT_NAME = uexUploaderMgr;
				PROVISIONING_PROFILE = "756a3ff2-be53-4d08-862a-c050d0dfa3d9";
				SKIP_INSTALL = YES;
				VALID_ARCHS = "arm64 armv7";
			};
			name = Release;
		};
/* End XCBuildConfiguration section */

/* Begin XCConfigurationList section */
		03442C2E18B2317800CEC18D /* Build configuration list for PBXProject "EUExUploaderMgrIDE" */ = {
			isa = XCConfigurationList;
			buildConfigurations = (
				03442C5418B2317900CEC18D /* Debug */,
				03442C5518B2317900CEC18D /* Release */,
			);
			defaultConfigurationIsVisible = 0;
			defaultConfigurationName = Release;
		};
		03442C5618B2317900CEC18D /* Build configuration list for PBXNativeTarget "EUExUploaderMgr" */ = {
			isa = XCConfigurationList;
			buildConfigurations = (
				03442C5718B2317900CEC18D /* Debug */,
				03442C5818B2317900CEC18D /* Release */,
			);
			defaultConfigurationIsVisible = 0;
			defaultConfigurationName = Release;
		};
/* End XCConfigurationList section */
	};
	rootObject = 03442C2B18B2317800CEC18D /* Project object */;
}
