// !$*UTF8*$!
{
	archiveVersion = 1;
	classes = {
	};
	objectVersion = 46;
	objects = {

/* Begin PBXBuildFile section */
		03442C3718B2317900CEC18D /* Foundation.framework in Frameworks */ = {isa = PBXBuildFile; fileRef = 03442C3618B2317900CEC18D /* Foundation.framework */; };
		4224236C1CEBFE3A009530DA /* AFNetworking.framework in CopyFiles */ = {isa = PBXBuildFile; fileRef = 42C9A70F1CD879160013035B /* AFNetworking.framework */; };
		42338CB81D4B39A90036F93E /* AppCanKit.framework in Frameworks */ = {isa = PBXBuildFile; fileRef = 42338CB71D4B39A90036F93E /* AppCanKit.framework */; };
		42C9A7101CD879160013035B /* AFNetworking.framework in Frameworks */ = {isa = PBXBuildFile; fileRef = 42C9A70F1CD879160013035B /* AFNetworking.framework */; };
		42C9A7151CD88D5D0013035B /* EUExUploaderMgr.m in Sources */ = {isa = PBXBuildFile; fileRef = 42C9A7141CD88D5D0013035B /* EUExUploaderMgr.m */; };
		42C9A7181CD88D9A0013035B /* uexUploader.m in Sources */ = {isa = PBXBuildFile; fileRef = 42C9A7171CD88D9A0013035B /* uexUploader.m */; };
		42CAC7E21CE4578D009A4AB5 /* uexUploadHelper.m in Sources */ = {isa = PBXBuildFile; fileRef = 42CAC7E11CE4578D009A4AB5 /* uexUploadHelper.m */; };
		42CAC7E61CE463A7009A4AB5 /* uexUploadFile.m in Sources */ = {isa = PBXBuildFile; fileRef = 42CAC7E51CE463A7009A4AB5 /* uexUploadFile.m */; };
		42CAC7F71CE571BC009A4AB5 /* uexUploadInfo.m in Sources */ = {isa = PBXBuildFile; fileRef = 42CAC7F61CE571BC009A4AB5 /* uexUploadInfo.m */; };
		42CAC7FC1CE57EA8009A4AB5 /* uexBackgroundUploader.m in Sources */ = {isa = PBXBuildFile; fileRef = 42CAC7FB1CE57EA8009A4AB5 /* uexBackgroundUploader.m */; };
		42CAC8051CE5DCCE009A4AB5 /* uexGlobalUploaderManager.m in Sources */ = {isa = PBXBuildFile; fileRef = 42CAC8041CE5DCCE009A4AB5 /* uexGlobalUploaderManager.m */; };
/* End PBXBuildFile section */

/* Begin PBXCopyFilesBuildPhase section */
		03442C3118B2317900CEC18D /* CopyFiles */ = {
			isa = PBXCopyFilesBuildPhase;
			buildActionMask = 2147483647;
			dstPath = "";
			dstSubfolderSpec = 16;
			files = (
				4224236C1CEBFE3A009530DA /* AFNetworking.framework in CopyFiles */,
			);
			runOnlyForDeploymentPostprocessing = 0;
		};
/* End PBXCopyFilesBuildPhase section */

/* Begin PBXFileReference section */
		03442C3318B2317900CEC18D /* libuexUploaderMgr.a */ = {isa = PBXFileReference; explicitFileType = archive.ar; includeInIndex = 0; path = libuexUploaderMgr.a; sourceTree = BUILT_PRODUCTS_DIR; };
		03442C3618B2317900CEC18D /* Foundation.framework */ = {isa = PBXFileReference; lastKnownFileType = wrapper.framework; name = Foundation.framework; path = System/Library/Frameworks/Foundation.framework; sourceTree = SDKROOT; };
		03442C3A18B2317900CEC18D /* EUExUploaderMgr-Prefix.pch */ = {isa = PBXFileReference; lastKnownFileType = sourcecode.c.h; path = "EUExUploaderMgr-Prefix.pch"; sourceTree = "<group>"; };
		42338CB71D4B39A90036F93E /* AppCanKit.framework */ = {isa = PBXFileReference; lastKnownFileType = wrapper.framework; path = AppCanKit.framework; sourceTree = "<group>"; };
		42C9A70F1CD879160013035B /* AFNetworking.framework */ = {isa = PBXFileReference; lastKnownFileType = wrapper.framework; path = AFNetworking.framework; sourceTree = "<group>"; };
		42C9A7131CD88D5D0013035B /* EUExUploaderMgr.h */ = {isa = PBXFileReference; fileEncoding = 4; lastKnownFileType = sourcecode.c.h; path = EUExUploaderMgr.h; sourceTree = "<group>"; };
		42C9A7141CD88D5D0013035B /* EUExUploaderMgr.m */ = {isa = PBXFileReference; fileEncoding = 4; lastKnownFileType = sourcecode.c.objc; path = EUExUploaderMgr.m; sourceTree = "<group>"; };
		42C9A7161CD88D9A0013035B /* uexUploader.h */ = {isa = PBXFileReference; fileEncoding = 4; lastKnownFileType = sourcecode.c.h; path = uexUploader.h; sourceTree = "<group>"; };
		42C9A7171CD88D9A0013035B /* uexUploader.m */ = {isa = PBXFileReference; fileEncoding = 4; lastKnownFileType = sourcecode.c.objc; path = uexUploader.m; sourceTree = "<group>"; };
		42CAC7E01CE4578D009A4AB5 /* uexUploadHelper.h */ = {isa = PBXFileReference; fileEncoding = 4; lastKnownFileType = sourcecode.c.h; path = uexUploadHelper.h; sourceTree = "<group>"; };
		42CAC7E11CE4578D009A4AB5 /* uexUploadHelper.m */ = {isa = PBXFileReference; fileEncoding = 4; lastKnownFileType = sourcecode.c.objc; path = uexUploadHelper.m; sourceTree = "<group>"; };
		42CAC7E41CE463A7009A4AB5 /* uexUploadFile.h */ = {isa = PBXFileReference; fileEncoding = 4; lastKnownFileType = sourcecode.c.h; path = uexUploadFile.h; sourceTree = "<group>"; };
		42CAC7E51CE463A7009A4AB5 /* uexUploadFile.m */ = {isa = PBXFileReference; fileEncoding = 4; lastKnownFileType = sourcecode.c.objc; path = uexUploadFile.m; sourceTree = "<group>"; };
		42CAC7F51CE571BC009A4AB5 /* uexUploadInfo.h */ = {isa = PBXFileReference; fileEncoding = 4; lastKnownFileType = sourcecode.c.h; path = uexUploadInfo.h; sourceTree = "<group>"; };
		42CAC7F61CE571BC009A4AB5 /* uexUploadInfo.m */ = {isa = PBXFileReference; fileEncoding = 4; lastKnownFileType = sourcecode.c.objc; path = uexUploadInfo.m; sourceTree = "<group>"; };
		42CAC7FA1CE57EA8009A4AB5 /* uexBackgroundUploader.h */ = {isa = PBXFileReference; fileEncoding = 4; lastKnownFileType = sourcecode.c.h; path = uexBackgroundUploader.h; sourceTree = "<group>"; };
		42CAC7FB1CE57EA8009A4AB5 /* uexBackgroundUploader.m */ = {isa = PBXFileReference; fileEncoding = 4; lastKnownFileType = sourcecode.c.objc; path = uexBackgroundUploader.m; sourceTree = "<group>"; };
		42CAC8031CE5DCCE009A4AB5 /* uexGlobalUploaderManager.h */ = {isa = PBXFileReference; fileEncoding = 4; lastKnownFileType = sourcecode.c.h; path = uexGlobalUploaderManager.h; sourceTree = "<group>"; };
		42CAC8041CE5DCCE009A4AB5 /* uexGlobalUploaderManager.m */ = {isa = PBXFileReference; fileEncoding = 4; lastKnownFileType = sourcecode.c.objc; path = uexGlobalUploaderManager.m; sourceTree = "<group>"; };
		F7D298011A68F0FD004DF18C /* JSON.h */ = {isa = PBXFileReference; fileEncoding = 4; lastKnownFileType = sourcecode.c.h; path = JSON.h; sourceTree = "<group>"; };
		F7D298021A68F0FD004DF18C /* NSObject+SBJSON.h */ = {isa = PBXFileReference; fileEncoding = 4; lastKnownFileType = sourcecode.c.h; path = "NSObject+SBJSON.h"; sourceTree = "<group>"; };
		F7D298031A68F0FD004DF18C /* NSString+SBJSON.h */ = {isa = PBXFileReference; fileEncoding = 4; lastKnownFileType = sourcecode.c.h; path = "NSString+SBJSON.h"; sourceTree = "<group>"; };
		F7D298041A68F0FD004DF18C /* SBJSON.h */ = {isa = PBXFileReference; fileEncoding = 4; lastKnownFileType = sourcecode.c.h; path = SBJSON.h; sourceTree = "<group>"; };
		F7D298051A68F0FD004DF18C /* SBJsonBase.h */ = {isa = PBXFileReference; fileEncoding = 4; lastKnownFileType = sourcecode.c.h; path = SBJsonBase.h; sourceTree = "<group>"; };
		F7D298061A68F0FD004DF18C /* SBJsonParser.h */ = {isa = PBXFileReference; fileEncoding = 4; lastKnownFileType = sourcecode.c.h; path = SBJsonParser.h; sourceTree = "<group>"; };
		F7D298071A68F0FD004DF18C /* SBJsonWriter.h */ = {isa = PBXFileReference; fileEncoding = 4; lastKnownFileType = sourcecode.c.h; path = SBJsonWriter.h; sourceTree = "<group>"; };
/* End PBXFileReference section */

/* Begin PBXFrameworksBuildPhase section */
		03442C3018B2317900CEC18D /* Frameworks */ = {
			isa = PBXFrameworksBuildPhase;
			buildActionMask = 2147483647;
			files = (
				03442C3718B2317900CEC18D /* Foundation.framework in Frameworks */,
				42338CB81D4B39A90036F93E /* AppCanKit.framework in Frameworks */,
				42C9A7101CD879160013035B /* AFNetworking.framework in Frameworks */,
			);
			runOnlyForDeploymentPostprocessing = 0;
		};
/* End PBXFrameworksBuildPhase section */

/* Begin PBXGroup section */
		03442C2A18B2317800CEC18D = {
			isa = PBXGroup;
			children = (
				03442C3818B2317900CEC18D /* EUExUploaderMgr */,
				03442C3518B2317900CEC18D /* Frameworks */,
				03442C3418B2317900CEC18D /* Products */,
			);
			sourceTree = "<group>";
		};
		03442C3418B2317900CEC18D /* Products */ = {
			isa = PBXGroup;
			children = (
				03442C3318B2317900CEC18D /* libuexUploaderMgr.a */,
			);
			name = Products;
			sourceTree = "<group>";
		};
		03442C3518B2317900CEC18D /* Frameworks */ = {
			isa = PBXGroup;
			children = (
				03442C3618B2317900CEC18D /* Foundation.framework */,
			);
			name = Frameworks;
			sourceTree = "<group>";
		};
		03442C3818B2317900CEC18D /* EUExUploaderMgr */ = {
			isa = PBXGroup;
			children = (
				42338CB71D4B39A90036F93E /* AppCanKit.framework */,
				03442C6218B2326A00CEC18D /* sourceCode */,
				03442C3918B2317900CEC18D /* Supporting Files */,
				42C9A7131CD88D5D0013035B /* EUExUploaderMgr.h */,
				42C9A7141CD88D5D0013035B /* EUExUploaderMgr.m */,
			);
			path = EUExUploaderMgr;
			sourceTree = "<group>";
		};
		03442C3918B2317900CEC18D /* Supporting Files */ = {
			isa = PBXGroup;
			children = (
				03442C3A18B2317900CEC18D /* EUExUploaderMgr-Prefix.pch */,
			);
			name = "Supporting Files";
			sourceTree = "<group>";
		};
		03442C6218B2326A00CEC18D /* sourceCode */ = {
			isa = PBXGroup;
			children = (
				42C9A70F1CD879160013035B /* AFNetworking.framework */,
				F7D298001A68F0FD004DF18C /* JSON */,
				42C9A7161CD88D9A0013035B /* uexUploader.h */,
				42C9A7171CD88D9A0013035B /* uexUploader.m */,
				42CAC7FA1CE57EA8009A4AB5 /* uexBackgroundUploader.h */,
				42CAC7FB1CE57EA8009A4AB5 /* uexBackgroundUploader.m */,
				42CAC8031CE5DCCE009A4AB5 /* uexGlobalUploaderManager.h */,
				42CAC8041CE5DCCE009A4AB5 /* uexGlobalUploaderManager.m */,
				42CAC7E41CE463A7009A4AB5 /* uexUploadFile.h */,
				42CAC7E51CE463A7009A4AB5 /* uexUploadFile.m */,
				42CAC7E01CE4578D009A4AB5 /* uexUploadHelper.h */,
				42CAC7E11CE4578D009A4AB5 /* uexUploadHelper.m */,
				42CAC7F51CE571BC009A4AB5 /* uexUploadInfo.h */,
				42CAC7F61CE571BC009A4AB5 /* uexUploadInfo.m */,
			);
			path = sourceCode;
			sourceTree = "<group>";
		};
		F7D298001A68F0FD004DF18C /* JSON */ = {
			isa = PBXGroup;
			children = (
				F7D298011A68F0FD004DF18C /* JSON.h */,
				F7D298021A68F0FD004DF18C /* NSObject+SBJSON.h */,
				F7D298031A68F0FD004DF18C /* NSString+SBJSON.h */,
				F7D298041A68F0FD004DF18C /* SBJSON.h */,
				F7D298051A68F0FD004DF18C /* SBJsonBase.h */,
				F7D298061A68F0FD004DF18C /* SBJsonParser.h */,
				F7D298071A68F0FD004DF18C /* SBJsonWriter.h */,
			);
			path = JSON;
			sourceTree = "<group>";
		};
/* End PBXGroup section */

/* Begin PBXNativeTarget section */
		03442C3218B2317900CEC18D /* EUExUploaderMgr */ = {
			isa = PBXNativeTarget;
			buildConfigurationList = 03442C5618B2317900CEC18D /* Build configuration list for PBXNativeTarget "EUExUploaderMgr" */;
			buildPhases = (
				03442C2F18B2317900CEC18D /* Sources */,
				03442C3018B2317900CEC18D /* Frameworks */,
				03442C3118B2317900CEC18D /* CopyFiles */,
			);
			buildRules = (
			);
			dependencies = (
			);
			name = EUExUploaderMgr;
			productName = EUExUploaderMgr;
			productReference = 03442C3318B2317900CEC18D /* libuexUploaderMgr.a */;
			productType = "com.apple.product-type.library.static";
		};
/* End PBXNativeTarget section */

/* Begin PBXProject section */
		03442C2B18B2317800CEC18D /* Project object */ = {
			isa = PBXProject;
			attributes = {
				LastUpgradeCheck = 0730;
				ORGANIZATIONNAME = zhengcuan;
			};
			buildConfigurationList = 03442C2E18B2317800CEC18D /* Build configuration list for PBXProject "EUExUploaderMgr" */;
			compatibilityVersion = "Xcode 3.2";
			developmentRegion = English;
			hasScannedForEncodings = 0;
			knownRegions = (
				en,
			);
			mainGroup = 03442C2A18B2317800CEC18D;
			productRefGroup = 03442C3418B2317900CEC18D /* Products */;
			projectDirPath = "";
			projectRoot = "";
			targets = (
				03442C3218B2317900CEC18D /* EUExUploaderMgr */,
			);
		};
/* End PBXProject section */

/* Begin PBXSourcesBuildPhase section */
		03442C2F18B2317900CEC18D /* Sources */ = {
			isa = PBXSourcesBuildPhase;
			buildActionMask = 2147483647;
			files = (
				42CAC7FC1CE57EA8009A4AB5 /* uexBackgroundUploader.m in Sources */,
				42CAC7E61CE463A7009A4AB5 /* uexUploadFile.m in Sources */,
				42C9A7181CD88D9A0013035B /* uexUploader.m in Sources */,
				42CAC7E21CE4578D009A4AB5 /* uexUploadHelper.m in Sources */,
				42CAC8051CE5DCCE009A4AB5 /* uexGlobalUploaderManager.m in Sources */,
				42CAC7F71CE571BC009A4AB5 /* uexUploadInfo.m in Sources */,
				42C9A7151CD88D5D0013035B /* EUExUploaderMgr.m in Sources */,
			);
			runOnlyForDeploymentPostprocessing = 0;
		};
/* End PBXSourcesBuildPhase section */

/* Begin XCBuildConfiguration section */
		03442C5418B2317900CEC18D /* Debug */ = {
			isa = XCBuildConfiguration;
			buildSettings = {
				ALWAYS_SEARCH_USER_PATHS = NO;
				ARCHS = "$(ARCHS_STANDARD_INCLUDING_64_BIT)";
				CLANG_CXX_LANGUAGE_STANDARD = "gnu++0x";
				CLANG_CXX_LIBRARY = "libc++";
				CLANG_ENABLE_MODULES = YES;
				CLANG_ENABLE_OBJC_ARC = YES;
				CLANG_WARN_BOOL_CONVERSION = YES;
				CLANG_WARN_CONSTANT_CONVERSION = YES;
				CLANG_WARN_DIRECT_OBJC_ISA_USAGE = YES_ERROR;
				CLANG_WARN_EMPTY_BODY = YES;
				CLANG_WARN_ENUM_CONVERSION = YES;
				CLANG_WARN_INT_CONVERSION = YES;
				CLANG_WARN_OBJC_ROOT_CLASS = YES_ERROR;
				CLANG_WARN__DUPLICATE_METHOD_MATCH = YES;
				COPY_PHASE_STRIP = NO;
				GCC_C_LANGUAGE_STANDARD = gnu99;
				GCC_DYNAMIC_NO_PIC = NO;
				GCC_OPTIMIZATION_LEVEL = 0;
				GCC_PREPROCESSOR_DEFINITIONS = (
					"DEBUG=1",
					"$(inherited)",
				);
				GCC_SYMBOLS_PRIVATE_EXTERN = NO;
				GCC_WARN_64_TO_32_BIT_CONVERSION = YES;
				GCC_WARN_ABOUT_RETURN_TYPE = YES_ERROR;
				GCC_WARN_UNDECLARED_SELECTOR = YES;
				GCC_WARN_UNINITIALIZED_AUTOS = YES;
				GCC_WARN_UNUSED_FUNCTION = YES;
				GCC_WARN_UNUSED_VARIABLE = YES;
				IPHONEOS_DEPLOYMENT_TARGET = 4.3;
				ONLY_ACTIVE_ARCH = YES;
				SDKROOT = iphoneos;
			};
			name = Debug;
		};
		03442C5518B2317900CEC18D /* Release */ = {
			isa = XCBuildConfiguration;
			buildSettings = {
				ALWAYS_SEARCH_USER_PATHS = NO;
				ARCHS = "$(ARCHS_STANDARD_INCLUDING_64_BIT)";
				CLANG_CXX_LANGUAGE_STANDARD = "gnu++0x";
				CLANG_CXX_LIBRARY = "libc++";
				CLANG_ENABLE_MODULES = YES;
				CLANG_ENABLE_OBJC_ARC = YES;
				CLANG_WARN_BOOL_CONVERSION = YES;
				CLANG_WARN_CONSTANT_CONVERSION = YES;
				CLANG_WARN_DIRECT_OBJC_ISA_USAGE = YES_ERROR;
				CLANG_WARN_EMPTY_BODY = YES;
				CLANG_WARN_ENUM_CONVERSION = YES;
				CLANG_WARN_INT_CONVERSION = YES;
				CLANG_WARN_OBJC_ROOT_CLASS = YES_ERROR;
				CLANG_WARN__DUPLICATE_METHOD_MATCH = YES;
				COPY_PHASE_STRIP = YES;
				ENABLE_NS_ASSERTIONS = NO;
				GCC_C_LANGUAGE_STANDARD = gnu99;
				GCC_WARN_64_TO_32_BIT_CONVERSION = YES;
				GCC_WARN_ABOUT_RETURN_TYPE = YES_ERROR;
				GCC_WARN_UNDECLARED_SELECTOR = YES;
				GCC_WARN_UNINITIALIZED_AUTOS = YES;
				GCC_WARN_UNUSED_FUNCTION = YES;
				GCC_WARN_UNUSED_VARIABLE = YES;
				IPHONEOS_DEPLOYMENT_TARGET = 4.3;
				SDKROOT = iphoneos;
				VALIDATE_PRODUCT = YES;
			};
			name = Release;
		};
		03442C5718B2317900CEC18D /* Debug */ = {
			isa = XCBuildConfiguration;
			buildSettings = {
				ARCHS = "$(ARCHS_STANDARD)";
				CLANG_ENABLE_OBJC_ARC = YES;
				CONFIGURATION_BUILD_DIR = "$(SRCROOT)/uexUploaderMgr";
				DSTROOT = /tmp/EUExUploaderMgr.dst;
				FRAMEWORK_SEARCH_PATHS = (
					"$(inherited)",
					"$(PROJECT_DIR)/EUExUploaderMgr/sourceCode",
					"$(PROJECT_DIR)/EUExUploaderMgr",
				);
				GCC_PRECOMPILE_PREFIX_HEADER = YES;
				GCC_PREFIX_HEADER = "EUExUploaderMgr/EUExUploaderMgr-Prefix.pch";
				IPHONEOS_DEPLOYMENT_TARGET = 7.0;
				ONLY_ACTIVE_ARCH = NO;
				OTHER_LDFLAGS = "-ObjC";
				PRODUCT_NAME = uexUploaderMgr;
				SKIP_INSTALL = YES;
				VALID_ARCHS = "arm64 armv7";
			};
			name = Debug;
		};
		03442C5818B2317900CEC18D /* Release */ = {
			isa = XCBuildConfiguration;
			buildSettings = {
				ARCHS = "$(ARCHS_STANDARD)";
				CLANG_ENABLE_OBJC_ARC = YES;
				CONFIGURATION_BUILD_DIR = "$(SRCROOT)/uexUploaderMgr";
				DSTROOT = /tmp/EUExUploaderMgr.dst;
				FRAMEWORK_SEARCH_PATHS = (
					"$(inherited)",
					"$(PROJECT_DIR)/EUExUploaderMgr/sourceCode",
					"$(PROJECT_DIR)/EUExUploaderMgr",
				);
				GCC_PRECOMPILE_PREFIX_HEADER = YES;
				GCC_PREFIX_HEADER = "EUExUploaderMgr/EUExUploaderMgr-Prefix.pch";
				IPHONEOS_DEPLOYMENT_TARGET = 7.0;
				ONLY_ACTIVE_ARCH = NO;
				OTHER_LDFLAGS = "-ObjC";
				PRODUCT_NAME = uexUploaderMgr;
				SKIP_INSTALL = YES;
				VALID_ARCHS = "arm64 armv7";
			};
			name = Release;
		};
/* End XCBuildConfiguration section */

/* Begin XCConfigurationList section */
		03442C2E18B2317800CEC18D /* Build configuration list for PBXProject "EUExUploaderMgr" */ = {
			isa = XCConfigurationList;
			buildConfigurations = (
				03442C5418B2317900CEC18D /* Debug */,
				03442C5518B2317900CEC18D /* Release */,
			);
			defaultConfigurationIsVisible = 0;
			defaultConfigurationName = Release;
		};
		03442C5618B2317900CEC18D /* Build configuration list for PBXNativeTarget "EUExUploaderMgr" */ = {
			isa = XCConfigurationList;
			buildConfigurations = (
				03442C5718B2317900CEC18D /* Debug */,
				03442C5818B2317900CEC18D /* Release */,
			);
			defaultConfigurationIsVisible = 0;
			defaultConfigurationName = Release;
		};
/* End XCConfigurationList section */
	};
	rootObject = 03442C2B18B2317800CEC18D /* Project object */;
}
